// !$*UTF8*$!
{
	archiveVersion = 1;
	classes = {
	};
	objectVersion = 55;
	objects = {

/* Begin PBXBuildFile section */
		9D1D25C62958497C0041431D /* AppDelegate.swift in Sources */ = {isa = PBXBuildFile; fileRef = 9D1D25C52958497C0041431D /* AppDelegate.swift */; };
		9D1D25C82958497C0041431D /* SceneDelegate.swift in Sources */ = {isa = PBXBuildFile; fileRef = 9D1D25C72958497C0041431D /* SceneDelegate.swift */; };
		9D1D25CA2958497C0041431D /* ViewController.swift in Sources */ = {isa = PBXBuildFile; fileRef = 9D1D25C92958497C0041431D /* ViewController.swift */; };
		9D1D25CD2958497C0041431D /* Main.storyboard in Resources */ = {isa = PBXBuildFile; fileRef = 9D1D25CB2958497C0041431D /* Main.storyboard */; };
		9D1D25D02958497C0041431D /* Bokhary.xcdatamodeld in Sources */ = {isa = PBXBuildFile; fileRef = 9D1D25CE2958497C0041431D /* Bokhary.xcdatamodeld */; };
		9D1D25D22958497F0041431D /* Assets.xcassets in Resources */ = {isa = PBXBuildFile; fileRef = 9D1D25D12958497F0041431D /* Assets.xcassets */; };
		9D1D25D52958497F0041431D /* LaunchScreen.storyboard in Resources */ = {isa = PBXBuildFile; fileRef = 9D1D25D32958497F0041431D /* LaunchScreen.storyboard */; };
		9D1D25E229585CBC0041431D /* BranchesViewController.swift in Sources */ = {isa = PBXBuildFile; fileRef = 9D1D25E029585CBC0041431D /* BranchesViewController.swift */; };
		9D1D25E329585CBC0041431D /* BranchesViewController.xib in Resources */ = {isa = PBXBuildFile; fileRef = 9D1D25E129585CBC0041431D /* BranchesViewController.xib */; };
		9D1D25EC29586E600041431D /* HomeViewController.swift in Sources */ = {isa = PBXBuildFile; fileRef = 9D1D25EA29586E600041431D /* HomeViewController.swift */; };
		9D1D25ED29586E600041431D /* HomeViewController.xib in Resources */ = {isa = PBXBuildFile; fileRef = 9D1D25EB29586E600041431D /* HomeViewController.xib */; };
		9D1D25F029587D350041431D /* HomeCollectionViewCell.swift in Sources */ = {isa = PBXBuildFile; fileRef = 9D1D25EE29587D350041431D /* HomeCollectionViewCell.swift */; };
		9D1D25F129587D350041431D /* HomeCollectionViewCell.xib in Resources */ = {isa = PBXBuildFile; fileRef = 9D1D25EF29587D350041431D /* HomeCollectionViewCell.xib */; };
		9D1D25F329587E850041431D /* HomeViewController+EX.swift in Sources */ = {isa = PBXBuildFile; fileRef = 9D1D25F229587E850041431D /* HomeViewController+EX.swift */; };
		9D2684D829588D8E005DFB04 /* HomeVC+TableEX.swift in Sources */ = {isa = PBXBuildFile; fileRef = 9D2684D729588D8E005DFB04 /* HomeVC+TableEX.swift */; };
		9D2684E529589340005DFB04 /* HomeTableViewCell.swift in Sources */ = {isa = PBXBuildFile; fileRef = 9D2684E329589340005DFB04 /* HomeTableViewCell.swift */; };
		9D2684E629589340005DFB04 /* HomeTableViewCell.xib in Resources */ = {isa = PBXBuildFile; fileRef = 9D2684E429589340005DFB04 /* HomeTableViewCell.xib */; };
		9DC858DA29589CD800589967 /* MenuViewController.swift in Sources */ = {isa = PBXBuildFile; fileRef = 9DC858D829589CD800589967 /* MenuViewController.swift */; };
		9DC858DB29589CD800589967 /* MenuViewController.xib in Resources */ = {isa = PBXBuildFile; fileRef = 9DC858D929589CD800589967 /* MenuViewController.xib */; };
/* End PBXBuildFile section */

/* Begin PBXFileReference section */
		9D1D25C22958497C0041431D /* Bokhary.app */ = {isa = PBXFileReference; explicitFileType = wrapper.application; includeInIndex = 0; path = Bokhary.app; sourceTree = BUILT_PRODUCTS_DIR; };
		9D1D25C52958497C0041431D /* AppDelegate.swift */ = {isa = PBXFileReference; lastKnownFileType = sourcecode.swift; path = AppDelegate.swift; sourceTree = "<group>"; };
		9D1D25C72958497C0041431D /* SceneDelegate.swift */ = {isa = PBXFileReference; lastKnownFileType = sourcecode.swift; path = SceneDelegate.swift; sourceTree = "<group>"; };
		9D1D25C92958497C0041431D /* ViewController.swift */ = {isa = PBXFileReference; lastKnownFileType = sourcecode.swift; path = ViewController.swift; sourceTree = "<group>"; };
		9D1D25CC2958497C0041431D /* Base */ = {isa = PBXFileReference; lastKnownFileType = file.storyboard; name = Base; path = Base.lproj/Main.storyboard; sourceTree = "<group>"; };
		9D1D25CF2958497C0041431D /* Bokhary.xcdatamodel */ = {isa = PBXFileReference; lastKnownFileType = wrapper.xcdatamodel; path = Bokhary.xcdatamodel; sourceTree = "<group>"; };
		9D1D25D12958497F0041431D /* Assets.xcassets */ = {isa = PBXFileReference; lastKnownFileType = folder.assetcatalog; path = Assets.xcassets; sourceTree = "<group>"; };
		9D1D25D42958497F0041431D /* Base */ = {isa = PBXFileReference; lastKnownFileType = file.storyboard; name = Base; path = Base.lproj/LaunchScreen.storyboard; sourceTree = "<group>"; };
		9D1D25D62958497F0041431D /* Info.plist */ = {isa = PBXFileReference; lastKnownFileType = text.plist.xml; path = Info.plist; sourceTree = "<group>"; };
		9D1D25E029585CBC0041431D /* BranchesViewController.swift */ = {isa = PBXFileReference; lastKnownFileType = sourcecode.swift; path = BranchesViewController.swift; sourceTree = "<group>"; };
		9D1D25E129585CBC0041431D /* BranchesViewController.xib */ = {isa = PBXFileReference; lastKnownFileType = file.xib; path = BranchesViewController.xib; sourceTree = "<group>"; };
		9D1D25EA29586E600041431D /* HomeViewController.swift */ = {isa = PBXFileReference; lastKnownFileType = sourcecode.swift; path = HomeViewController.swift; sourceTree = "<group>"; };
		9D1D25EB29586E600041431D /* HomeViewController.xib */ = {isa = PBXFileReference; lastKnownFileType = file.xib; path = HomeViewController.xib; sourceTree = "<group>"; };
		9D1D25EE29587D350041431D /* HomeCollectionViewCell.swift */ = {isa = PBXFileReference; lastKnownFileType = sourcecode.swift; path = HomeCollectionViewCell.swift; sourceTree = "<group>"; };
		9D1D25EF29587D350041431D /* HomeCollectionViewCell.xib */ = {isa = PBXFileReference; lastKnownFileType = file.xib; path = HomeCollectionViewCell.xib; sourceTree = "<group>"; };
		9D1D25F229587E850041431D /* HomeViewController+EX.swift */ = {isa = PBXFileReference; lastKnownFileType = sourcecode.swift; path = "HomeViewController+EX.swift"; sourceTree = "<group>"; };
		9D2684D729588D8E005DFB04 /* HomeVC+TableEX.swift */ = {isa = PBXFileReference; lastKnownFileType = sourcecode.swift; path = "HomeVC+TableEX.swift"; sourceTree = "<group>"; };
		9D2684E329589340005DFB04 /* HomeTableViewCell.swift */ = {isa = PBXFileReference; lastKnownFileType = sourcecode.swift; path = HomeTableViewCell.swift; sourceTree = "<group>"; };
		9D2684E429589340005DFB04 /* HomeTableViewCell.xib */ = {isa = PBXFileReference; lastKnownFileType = file.xib; path = HomeTableViewCell.xib; sourceTree = "<group>"; };
		9DC858D829589CD800589967 /* MenuViewController.swift */ = {isa = PBXFileReference; lastKnownFileType = sourcecode.swift; path = MenuViewController.swift; sourceTree = "<group>"; };
		9DC858D929589CD800589967 /* MenuViewController.xib */ = {isa = PBXFileReference; lastKnownFileType = file.xib; path = MenuViewController.xib; sourceTree = "<group>"; };
/* End PBXFileReference section */

/* Begin PBXFrameworksBuildPhase section */
		9D1D25BF2958497C0041431D /* Frameworks */ = {
			isa = PBXFrameworksBuildPhase;
			buildActionMask = 2147483647;
			files = (
			);
			runOnlyForDeploymentPostprocessing = 0;
		};
/* End PBXFrameworksBuildPhase section */

/* Begin PBXGroup section */
		9D1D25B92958497C0041431D = {
			isa = PBXGroup;
			children = (
				9D1D25C42958497C0041431D /* Bokhary */,
				9D1D25C32958497C0041431D /* Products */,
			);
			sourceTree = "<group>";
		};
		9D1D25C32958497C0041431D /* Products */ = {
			isa = PBXGroup;
			children = (
				9D1D25C22958497C0041431D /* Bokhary.app */,
			);
			name = Products;
			sourceTree = "<group>";
		};
		9D1D25C42958497C0041431D /* Bokhary */ = {
			isa = PBXGroup;
			children = (
				9DC858D329589C3700589967 /* Menu */,
				9D1D25E629586E1A0041431D /* Home */,
				9D1D25DC29585C390041431D /* Branches */,
				9D1D25C52958497C0041431D /* AppDelegate.swift */,
				9D1D25C72958497C0041431D /* SceneDelegate.swift */,
				9D1D25C92958497C0041431D /* ViewController.swift */,
				9D1D25CB2958497C0041431D /* Main.storyboard */,
				9D1D25D12958497F0041431D /* Assets.xcassets */,
				9D1D25D32958497F0041431D /* LaunchScreen.storyboard */,
				9D1D25D62958497F0041431D /* Info.plist */,
				9D1D25CE2958497C0041431D /* Bokhary.xcdatamodeld */,
			);
			path = Bokhary;
			sourceTree = "<group>";
		};
		9D1D25DC29585C390041431D /* Branches */ = {
			isa = PBXGroup;
			children = (
				9D1D25DF29585C810041431D /* Controller */,
				9D1D25DE29585C780041431D /* View */,
				9D1D25DD29585C6E0041431D /* Main */,
			);
			path = Branches;
			sourceTree = "<group>";
		};
		9D1D25DD29585C6E0041431D /* Main */ = {
			isa = PBXGroup;
			children = (
			);
			path = Main;
			sourceTree = "<group>";
		};
		9D1D25DE29585C780041431D /* View */ = {
			isa = PBXGroup;
			children = (
				9D1D25E029585CBC0041431D /* BranchesViewController.swift */,
				9D1D25E129585CBC0041431D /* BranchesViewController.xib */,
			);
			path = View;
			sourceTree = "<group>";
		};
		9D1D25DF29585C810041431D /* Controller */ = {
			isa = PBXGroup;
			children = (
			);
			path = Controller;
			sourceTree = "<group>";
		};
		9D1D25E629586E1A0041431D /* Home */ = {
			isa = PBXGroup;
			children = (
				9D1D25E929586E410041431D /* Controller */,
				9D1D25E829586E370041431D /* View */,
			);
			path = Home;
			sourceTree = "<group>";
		};
		9D1D25E729586E2E0041431D /* Model */ = {
			isa = PBXGroup;
			children = (
			);
			path = Model;
			sourceTree = "<group>";
		};
		9D1D25E829586E370041431D /* View */ = {
			isa = PBXGroup;
			children = (
				9D2684E229589325005DFB04 /* HomeTableViewCell */,
				9D2684D629588D4D005DFB04 /* HomeViewController */,
				9D2684D529588CEF005DFB04 /* HomeCollectionViewCell */,
				9D1D25E729586E2E0041431D /* Model */,
			);
			path = View;
			sourceTree = "<group>";
		};
		9D1D25E929586E410041431D /* Controller */ = {
			isa = PBXGroup;
			children = (
				9D1D25F229587E850041431D /* HomeViewController+EX.swift */,
				9D2684D729588D8E005DFB04 /* HomeVC+TableEX.swift */,
			);
			path = Controller;
			sourceTree = "<group>";
		};
		9D2684D529588CEF005DFB04 /* HomeCollectionViewCell */ = {
			isa = PBXGroup;
			children = (
				9D1D25EE29587D350041431D /* HomeCollectionViewCell.swift */,
				9D1D25EF29587D350041431D /* HomeCollectionViewCell.xib */,
			);
			path = HomeCollectionViewCell;
			sourceTree = "<group>";
		};
		9D2684D629588D4D005DFB04 /* HomeViewController */ = {
			isa = PBXGroup;
			children = (
				9D1D25EA29586E600041431D /* HomeViewController.swift */,
				9D1D25EB29586E600041431D /* HomeViewController.xib */,
			);
			path = HomeViewController;
			sourceTree = "<group>";
		};
		9D2684E229589325005DFB04 /* HomeTableViewCell */ = {
			isa = PBXGroup;
			children = (
				9D2684E329589340005DFB04 /* HomeTableViewCell.swift */,
				9D2684E429589340005DFB04 /* HomeTableViewCell.xib */,
			);
			path = HomeTableViewCell;
			sourceTree = "<group>";
		};
		9DC858D329589C3700589967 /* Menu */ = {
			isa = PBXGroup;
			children = (
				9DC858D629589C5E00589967 /* Controller */,
				9DC858D529589C5600589967 /* View */,
				9DC858D429589C4D00589967 /* Model */,
			);
			path = Menu;
			sourceTree = "<group>";
		};
		9DC858D429589C4D00589967 /* Model */ = {
			isa = PBXGroup;
			children = (
			);
			path = Model;
			sourceTree = "<group>";
		};
		9DC858D529589C5600589967 /* View */ = {
			isa = PBXGroup;
			children = (
				9DC858D729589CAA00589967 /* MenuViewController */,
			);
			path = View;
			sourceTree = "<group>";
		};
		9DC858D629589C5E00589967 /* Controller */ = {
			isa = PBXGroup;
			children = (
			);
			path = Controller;
			sourceTree = "<group>";
		};
		9DC858D729589CAA00589967 /* MenuViewController */ = {
			isa = PBXGroup;
			children = (
				9DC858D829589CD800589967 /* MenuViewController.swift */,
				9DC858D929589CD800589967 /* MenuViewController.xib */,
			);
			path = MenuViewController;
			sourceTree = "<group>";
		};
/* End PBXGroup section */

/* Begin PBXNativeTarget section */
		9D1D25C12958497C0041431D /* Bokhary */ = {
			isa = PBXNativeTarget;
			buildConfigurationList = 9D1D25D92958497F0041431D /* Build configuration list for PBXNativeTarget "Bokhary" */;
			buildPhases = (
				9D1D25BE2958497C0041431D /* Sources */,
				9D1D25BF2958497C0041431D /* Frameworks */,
				9D1D25C02958497C0041431D /* Resources */,
			);
			buildRules = (
			);
			dependencies = (
			);
			name = Bokhary;
			productName = Bokhary;
			productReference = 9D1D25C22958497C0041431D /* Bokhary.app */;
			productType = "com.apple.product-type.application";
		};
/* End PBXNativeTarget section */

/* Begin PBXProject section */
		9D1D25BA2958497C0041431D /* Project object */ = {
			isa = PBXProject;
			attributes = {
				BuildIndependentTargetsInParallel = 1;
				LastSwiftUpdateCheck = 1340;
				LastUpgradeCheck = 1340;
				TargetAttributes = {
					9D1D25C12958497C0041431D = {
						CreatedOnToolsVersion = 13.4;
					};
				};
			};
			buildConfigurationList = 9D1D25BD2958497C0041431D /* Build configuration list for PBXProject "Bokhary" */;
			compatibilityVersion = "Xcode 13.0";
			developmentRegion = en;
			hasScannedForEncodings = 0;
			knownRegions = (
				en,
				Base,
			);
			mainGroup = 9D1D25B92958497C0041431D;
			productRefGroup = 9D1D25C32958497C0041431D /* Products */;
			projectDirPath = "";
			projectRoot = "";
			targets = (
				9D1D25C12958497C0041431D /* Bokhary */,
			);
		};
/* End PBXProject section */

/* Begin PBXResourcesBuildPhase section */
		9D1D25C02958497C0041431D /* Resources */ = {
			isa = PBXResourcesBuildPhase;
			buildActionMask = 2147483647;
			files = (
				9D1D25E329585CBC0041431D /* BranchesViewController.xib in Resources */,
				9D2684E629589340005DFB04 /* HomeTableViewCell.xib in Resources */,
				9D1D25F129587D350041431D /* HomeCollectionViewCell.xib in Resources */,
				9DC858DB29589CD800589967 /* MenuViewController.xib in Resources */,
				9D1D25D52958497F0041431D /* LaunchScreen.storyboard in Resources */,
				9D1D25ED29586E600041431D /* HomeViewController.xib in Resources */,
				9D1D25D22958497F0041431D /* Assets.xcassets in Resources */,
				9D1D25CD2958497C0041431D /* Main.storyboard in Resources */,
			);
			runOnlyForDeploymentPostprocessing = 0;
		};
/* End PBXResourcesBuildPhase section */

/* Begin PBXSourcesBuildPhase section */
		9D1D25BE2958497C0041431D /* Sources */ = {
			isa = PBXSourcesBuildPhase;
			buildActionMask = 2147483647;
			files = (
				9D1D25F029587D350041431D /* HomeCollectionViewCell.swift in Sources */,
				9D1D25E229585CBC0041431D /* BranchesViewController.swift in Sources */,
				9D1D25D02958497C0041431D /* Bokhary.xcdatamodeld in Sources */,
				9D2684D829588D8E005DFB04 /* HomeVC+TableEX.swift in Sources */,
				9DC858DA29589CD800589967 /* MenuViewController.swift in Sources */,
				9D1D25CA2958497C0041431D /* ViewController.swift in Sources */,
				9D1D25C62958497C0041431D /* AppDelegate.swift in Sources */,
				9D2684E529589340005DFB04 /* HomeTableViewCell.swift in Sources */,
				9D1D25C82958497C0041431D /* SceneDelegate.swift in Sources */,
				9D1D25F329587E850041431D /* HomeViewController+EX.swift in Sources */,
				9D1D25EC29586E600041431D /* HomeViewController.swift in Sources */,
			);
			runOnlyForDeploymentPostprocessing = 0;
		};
/* End PBXSourcesBuildPhase section */

/* Begin PBXVariantGroup section */
		9D1D25CB2958497C0041431D /* Main.storyboard */ = {
			isa = PBXVariantGroup;
			children = (
				9D1D25CC2958497C0041431D /* Base */,
			);
			name = Main.storyboard;
			sourceTree = "<group>";
		};
		9D1D25D32958497F0041431D /* LaunchScreen.storyboard */ = {
			isa = PBXVariantGroup;
			children = (
				9D1D25D42958497F0041431D /* Base */,
			);
			name = LaunchScreen.storyboard;
			sourceTree = "<group>";
		};
/* End PBXVariantGroup section */

/* Begin XCBuildConfiguration section */
		9D1D25D72958497F0041431D /* Debug */ = {
			isa = XCBuildConfiguration;
			buildSettings = {
				ALWAYS_SEARCH_USER_PATHS = NO;
				CLANG_ANALYZER_NONNULL = YES;
				CLANG_ANALYZER_NUMBER_OBJECT_CONVERSION = YES_AGGRESSIVE;
				CLANG_CXX_LANGUAGE_STANDARD = "gnu++17";
				CLANG_ENABLE_MODULES = YES;
				CLANG_ENABLE_OBJC_ARC = YES;
				CLANG_ENABLE_OBJC_WEAK = YES;
				CLANG_WARN_BLOCK_CAPTURE_AUTORELEASING = YES;
				CLANG_WARN_BOOL_CONVERSION = YES;
				CLANG_WARN_COMMA = YES;
				CLANG_WARN_CONSTANT_CONVERSION = YES;
				CLANG_WARN_DEPRECATED_OBJC_IMPLEMENTATIONS = YES;
				CLANG_WARN_DIRECT_OBJC_ISA_USAGE = YES_ERROR;
				CLANG_WARN_DOCUMENTATION_COMMENTS = YES;
				CLANG_WARN_EMPTY_BODY = YES;
				CLANG_WARN_ENUM_CONVERSION = YES;
				CLANG_WARN_INFINITE_RECURSION = YES;
				CLANG_WARN_INT_CONVERSION = YES;
				CLANG_WARN_NON_LITERAL_NULL_CONVERSION = YES;
				CLANG_WARN_OBJC_IMPLICIT_RETAIN_SELF = YES;
				CLANG_WARN_OBJC_LITERAL_CONVERSION = YES;
				CLANG_WARN_OBJC_ROOT_CLASS = YES_ERROR;
				CLANG_WARN_QUOTED_INCLUDE_IN_FRAMEWORK_HEADER = YES;
				CLANG_WARN_RANGE_LOOP_ANALYSIS = YES;
				CLANG_WARN_STRICT_PROTOTYPES = YES;
				CLANG_WARN_SUSPICIOUS_MOVE = YES;
				CLANG_WARN_UNGUARDED_AVAILABILITY = YES_AGGRESSIVE;
				CLANG_WARN_UNREACHABLE_CODE = YES;
				CLANG_WARN__DUPLICATE_METHOD_MATCH = YES;
				COPY_PHASE_STRIP = NO;
				DEBUG_INFORMATION_FORMAT = dwarf;
				ENABLE_STRICT_OBJC_MSGSEND = YES;
				ENABLE_TESTABILITY = YES;
				GCC_C_LANGUAGE_STANDARD = gnu11;
				GCC_DYNAMIC_NO_PIC = NO;
				GCC_NO_COMMON_BLOCKS = YES;
				GCC_OPTIMIZATION_LEVEL = 0;
				GCC_PREPROCESSOR_DEFINITIONS = (
					"DEBUG=1",
					"$(inherited)",
				);
				GCC_WARN_64_TO_32_BIT_CONVERSION = YES;
				GCC_WARN_ABOUT_RETURN_TYPE = YES_ERROR;
				GCC_WARN_UNDECLARED_SELECTOR = YES;
				GCC_WARN_UNINITIALIZED_AUTOS = YES_AGGRESSIVE;
				GCC_WARN_UNUSED_FUNCTION = YES;
				GCC_WARN_UNUSED_VARIABLE = YES;
				IPHONEOS_DEPLOYMENT_TARGET = 15.5;
				MTL_ENABLE_DEBUG_INFO = INCLUDE_SOURCE;
				MTL_FAST_MATH = YES;
				ONLY_ACTIVE_ARCH = YES;
				SDKROOT = iphoneos;
				SWIFT_ACTIVE_COMPILATION_CONDITIONS = DEBUG;
				SWIFT_OPTIMIZATION_LEVEL = "-Onone";
			};
			name = Debug;
		};
		9D1D25D82958497F0041431D /* Release */ = {
			isa = XCBuildConfiguration;
			buildSettings = {
				ALWAYS_SEARCH_USER_PATHS = NO;
				CLANG_ANALYZER_NONNULL = YES;
				CLANG_ANALYZER_NUMBER_OBJECT_CONVERSION = YES_AGGRESSIVE;
				CLANG_CXX_LANGUAGE_STANDARD = "gnu++17";
				CLANG_ENABLE_MODULES = YES;
				CLANG_ENABLE_OBJC_ARC = YES;
				CLANG_ENABLE_OBJC_WEAK = YES;
				CLANG_WARN_BLOCK_CAPTURE_AUTORELEASING = YES;
				CLANG_WARN_BOOL_CONVERSION = YES;
				CLANG_WARN_COMMA = YES;
				CLANG_WARN_CONSTANT_CONVERSION = YES;
				CLANG_WARN_DEPRECATED_OBJC_IMPLEMENTATIONS = YES;
				CLANG_WARN_DIRECT_OBJC_ISA_USAGE = YES_ERROR;
				CLANG_WARN_DOCUMENTATION_COMMENTS = YES;
				CLANG_WARN_EMPTY_BODY = YES;
				CLANG_WARN_ENUM_CONVERSION = YES;
				CLANG_WARN_INFINITE_RECURSION = YES;
				CLANG_WARN_INT_CONVERSION = YES;
				CLANG_WARN_NON_LITERAL_NULL_CONVERSION = YES;
				CLANG_WARN_OBJC_IMPLICIT_RETAIN_SELF = YES;
				CLANG_WARN_OBJC_LITERAL_CONVERSION = YES;
				CLANG_WARN_OBJC_ROOT_CLASS = YES_ERROR;
				CLANG_WARN_QUOTED_INCLUDE_IN_FRAMEWORK_HEADER = YES;
				CLANG_WARN_RANGE_LOOP_ANALYSIS = YES;
				CLANG_WARN_STRICT_PROTOTYPES = YES;
				CLANG_WARN_SUSPICIOUS_MOVE = YES;
				CLANG_WARN_UNGUARDED_AVAILABILITY = YES_AGGRESSIVE;
				CLANG_WARN_UNREACHABLE_CODE = YES;
				CLANG_WARN__DUPLICATE_METHOD_MATCH = YES;
				COPY_PHASE_STRIP = NO;
				DEBUG_INFORMATION_FORMAT = "dwarf-with-dsym";
				ENABLE_NS_ASSERTIONS = NO;
				ENABLE_STRICT_OBJC_MSGSEND = YES;
				GCC_C_LANGUAGE_STANDARD = gnu11;
				GCC_NO_COMMON_BLOCKS = YES;
				GCC_WARN_64_TO_32_BIT_CONVERSION = YES;
				GCC_WARN_ABOUT_RETURN_TYPE = YES_ERROR;
				GCC_WARN_UNDECLARED_SELECTOR = YES;
				GCC_WARN_UNINITIALIZED_AUTOS = YES_AGGRESSIVE;
				GCC_WARN_UNUSED_FUNCTION = YES;
				GCC_WARN_UNUSED_VARIABLE = YES;
				IPHONEOS_DEPLOYMENT_TARGET = 15.5;
				MTL_ENABLE_DEBUG_INFO = NO;
				MTL_FAST_MATH = YES;
				SDKROOT = iphoneos;
				SWIFT_COMPILATION_MODE = wholemodule;
				SWIFT_OPTIMIZATION_LEVEL = "-O";
				VALIDATE_PRODUCT = YES;
			};
			name = Release;
		};
		9D1D25DA2958497F0041431D /* Debug */ = {
			isa = XCBuildConfiguration;
			buildSettings = {
				ASSETCATALOG_COMPILER_APPICON_NAME = AppIcon;
				ASSETCATALOG_COMPILER_GLOBAL_ACCENT_COLOR_NAME = AccentColor;
				CODE_SIGN_STYLE = Automatic;
				CURRENT_PROJECT_VERSION = 1;
				GENERATE_INFOPLIST_FILE = YES;
				INFOPLIST_FILE = Bokhary/Info.plist;
				INFOPLIST_KEY_UIApplicationSupportsIndirectInputEvents = YES;
				INFOPLIST_KEY_UILaunchStoryboardName = LaunchScreen;
				INFOPLIST_KEY_UIMainStoryboardFile = Main;
				INFOPLIST_KEY_UISupportedInterfaceOrientations_iPad = "UIInterfaceOrientationPortrait UIInterfaceOrientationPortraitUpsideDown UIInterfaceOrientationLandscapeLeft UIInterfaceOrientationLandscapeRight";
				INFOPLIST_KEY_UISupportedInterfaceOrientations_iPhone = "UIInterfaceOrientationPortrait UIInterfaceOrientationLandscapeLeft UIInterfaceOrientationLandscapeRight";
				LD_RUNPATH_SEARCH_PATHS = (
					"$(inherited)",
					"@executable_path/Frameworks",
				);
				MARKETING_VERSION = 1.0;
				PRODUCT_BUNDLE_IDENTIFIER = jets.Bokhary;
				PRODUCT_NAME = "$(TARGET_NAME)";
				SWIFT_EMIT_LOC_STRINGS = YES;
				SWIFT_VERSION = 5.0;
				TARGETED_DEVICE_FAMILY = "1,2";
			};
			name = Debug;
		};
		9D1D25DB2958497F0041431D /* Release */ = {
			isa = XCBuildConfiguration;
			buildSettings = {
				ASSETCATALOG_COMPILER_APPICON_NAME = AppIcon;
				ASSETCATALOG_COMPILER_GLOBAL_ACCENT_COLOR_NAME = AccentColor;
				CODE_SIGN_STYLE = Automatic;
				CURRENT_PROJECT_VERSION = 1;
				GENERATE_INFOPLIST_FILE = YES;
				INFOPLIST_FILE = Bokhary/Info.plist;
				INFOPLIST_KEY_UIApplicationSupportsIndirectInputEvents = YES;
				INFOPLIST_KEY_UILaunchStoryboardName = LaunchScreen;
				INFOPLIST_KEY_UIMainStoryboardFile = Main;
				INFOPLIST_KEY_UISupportedInterfaceOrientations_iPad = "UIInterfaceOrientationPortrait UIInterfaceOrientationPortraitUpsideDown UIInterfaceOrientationLandscapeLeft UIInterfaceOrientationLandscapeRight";
				INFOPLIST_KEY_UISupportedInterfaceOrientations_iPhone = "UIInterfaceOrientationPortrait UIInterfaceOrientationLandscapeLeft UIInterfaceOrientationLandscapeRight";
				LD_RUNPATH_SEARCH_PATHS = (
					"$(inherited)",
					"@executable_path/Frameworks",
				);
				MARKETING_VERSION = 1.0;
				PRODUCT_BUNDLE_IDENTIFIER = jets.Bokhary;
				PRODUCT_NAME = "$(TARGET_NAME)";
				SWIFT_EMIT_LOC_STRINGS = YES;
				SWIFT_VERSION = 5.0;
				TARGETED_DEVICE_FAMILY = "1,2";
			};
			name = Release;
		};
/* End XCBuildConfiguration section */

/* Begin XCConfigurationList section */
		9D1D25BD2958497C0041431D /* Build configuration list for PBXProject "Bokhary" */ = {
			isa = XCConfigurationList;
			buildConfigurations = (
				9D1D25D72958497F0041431D /* Debug */,
				9D1D25D82958497F0041431D /* Release */,
			);
			defaultConfigurationIsVisible = 0;
			defaultConfigurationName = Release;
		};
		9D1D25D92958497F0041431D /* Build configuration list for PBXNativeTarget "Bokhary" */ = {
			isa = XCConfigurationList;
			buildConfigurations = (
				9D1D25DA2958497F0041431D /* Debug */,
				9D1D25DB2958497F0041431D /* Release */,
			);
			defaultConfigurationIsVisible = 0;
			defaultConfigurationName = Release;
		};
/* End XCConfigurationList section */

/* Begin XCVersionGroup section */
		9D1D25CE2958497C0041431D /* Bokhary.xcdatamodeld */ = {
			isa = XCVersionGroup;
			children = (
				9D1D25CF2958497C0041431D /* Bokhary.xcdatamodel */,
			);
			currentVersion = 9D1D25CF2958497C0041431D /* Bokhary.xcdatamodel */;
			path = Bokhary.xcdatamodeld;
			sourceTree = "<group>";
			versionGroupType = wrapper.xcdatamodel;
		};
/* End XCVersionGroup section */
	};
	rootObject = 9D1D25BA2958497C0041431D /* Project object */;
}
