// !$*UTF8*$!
{
	archiveVersion = 1;
	classes = {
	};
	objectVersion = 55;
	objects = {

/* Begin PBXBuildFile section */
		3368FA56BF46ACA9DCDC9F26 /* Pods_Bokhary.framework in Frameworks */ = {isa = PBXBuildFile; fileRef = 309245C1694014386B3BC23F /* Pods_Bokhary.framework */; };
		9D1D25C62958497C0041431D /* AppDelegate.swift in Sources */ = {isa = PBXBuildFile; fileRef = 9D1D25C52958497C0041431D /* AppDelegate.swift */; };
		9D1D25C82958497C0041431D /* SceneDelegate.swift in Sources */ = {isa = PBXBuildFile; fileRef = 9D1D25C72958497C0041431D /* SceneDelegate.swift */; };
		9D1D25CA2958497C0041431D /* ViewController.swift in Sources */ = {isa = PBXBuildFile; fileRef = 9D1D25C92958497C0041431D /* ViewController.swift */; };
		9D1D25CD2958497C0041431D /* Main.storyboard in Resources */ = {isa = PBXBuildFile; fileRef = 9D1D25CB2958497C0041431D /* Main.storyboard */; };
		9D1D25D02958497C0041431D /* Bokhary.xcdatamodeld in Sources */ = {isa = PBXBuildFile; fileRef = 9D1D25CE2958497C0041431D /* Bokhary.xcdatamodeld */; };
		9D1D25D22958497F0041431D /* Assets.xcassets in Resources */ = {isa = PBXBuildFile; fileRef = 9D1D25D12958497F0041431D /* Assets.xcassets */; };
		9D1D25D52958497F0041431D /* LaunchScreen.storyboard in Resources */ = {isa = PBXBuildFile; fileRef = 9D1D25D32958497F0041431D /* LaunchScreen.storyboard */; };
		9D1D25E229585CBC0041431D /* BranchesViewController.swift in Sources */ = {isa = PBXBuildFile; fileRef = 9D1D25E029585CBC0041431D /* BranchesViewController.swift */; };
		9D1D25E329585CBC0041431D /* BranchesViewController.xib in Resources */ = {isa = PBXBuildFile; fileRef = 9D1D25E129585CBC0041431D /* BranchesViewController.xib */; };
		9D1D25EC29586E600041431D /* HomeViewController.swift in Sources */ = {isa = PBXBuildFile; fileRef = 9D1D25EA29586E600041431D /* HomeViewController.swift */; };
		9D1D25ED29586E600041431D /* HomeViewController.xib in Resources */ = {isa = PBXBuildFile; fileRef = 9D1D25EB29586E600041431D /* HomeViewController.xib */; };
		9D1D25F029587D350041431D /* HomeCollectionViewCell.swift in Sources */ = {isa = PBXBuildFile; fileRef = 9D1D25EE29587D350041431D /* HomeCollectionViewCell.swift */; };
		9D1D25F129587D350041431D /* HomeCollectionViewCell.xib in Resources */ = {isa = PBXBuildFile; fileRef = 9D1D25EF29587D350041431D /* HomeCollectionViewCell.xib */; };
		9D1D25F329587E850041431D /* HomeViewController+EX.swift in Sources */ = {isa = PBXBuildFile; fileRef = 9D1D25F229587E850041431D /* HomeViewController+EX.swift */; };
		9D2684D829588D8E005DFB04 /* HomeVC+TableEX.swift in Sources */ = {isa = PBXBuildFile; fileRef = 9D2684D729588D8E005DFB04 /* HomeVC+TableEX.swift */; };
		9D2684E529589340005DFB04 /* HomeTableViewCell.swift in Sources */ = {isa = PBXBuildFile; fileRef = 9D2684E329589340005DFB04 /* HomeTableViewCell.swift */; };
		9D2684E629589340005DFB04 /* HomeTableViewCell.xib in Resources */ = {isa = PBXBuildFile; fileRef = 9D2684E429589340005DFB04 /* HomeTableViewCell.xib */; };
		9D879BC9295B973300715265 /* AddReviewViewController.swift in Sources */ = {isa = PBXBuildFile; fileRef = 9D879BC7295B973300715265 /* AddReviewViewController.swift */; };
		9D879BCA295B973300715265 /* AddReviewViewController.xib in Resources */ = {isa = PBXBuildFile; fileRef = 9D879BC8295B973300715265 /* AddReviewViewController.xib */; };
		9D879BD7295BA76B00715265 /* CommentTableViewCell.swift in Sources */ = {isa = PBXBuildFile; fileRef = 9D879BD5295BA76B00715265 /* CommentTableViewCell.swift */; };
		9D879BD8295BA76B00715265 /* CommentTableViewCell.xib in Resources */ = {isa = PBXBuildFile; fileRef = 9D879BD6295BA76B00715265 /* CommentTableViewCell.xib */; };
		9D879BDB295BAA3700715265 /* AddCmment+EXtension.swift in Sources */ = {isa = PBXBuildFile; fileRef = 9D879BDA295BAA3700715265 /* AddCmment+EXtension.swift */; };
		9D9D36DC2958F8FE00A50F24 /* SliderHomeTableViewCell.swift in Sources */ = {isa = PBXBuildFile; fileRef = 9D9D36DA2958F8FE00A50F24 /* SliderHomeTableViewCell.swift */; };
		9D9D36DD2958F8FE00A50F24 /* SliderHomeTableViewCell.xib in Resources */ = {isa = PBXBuildFile; fileRef = 9D9D36DB2958F8FE00A50F24 /* SliderHomeTableViewCell.xib */; };
		9D9D36E0295909BB00A50F24 /* UIColor+EX.swift in Sources */ = {isa = PBXBuildFile; fileRef = 9D9D36DF295909BB00A50F24 /* UIColor+EX.swift */; };
		9DBC4BC7295992F200D76C54 /* CategoryCollectionViewCell.swift in Sources */ = {isa = PBXBuildFile; fileRef = 9DBC4BC5295992F200D76C54 /* CategoryCollectionViewCell.swift */; };
		9DBC4BC8295992F200D76C54 /* CategoryCollectionViewCell.xib in Resources */ = {isa = PBXBuildFile; fileRef = 9DBC4BC6295992F200D76C54 /* CategoryCollectionViewCell.xib */; };
		9DBC4BCC2959950100D76C54 /* MenuCollection+Ex.swift in Sources */ = {isa = PBXBuildFile; fileRef = 9DBC4BCB2959950100D76C54 /* MenuCollection+Ex.swift */; };
		9DBC4BD12959B42300D76C54 /* ContentColeectionViewCell.swift in Sources */ = {isa = PBXBuildFile; fileRef = 9DBC4BCF2959B42300D76C54 /* ContentColeectionViewCell.swift */; };
		9DBC4BD22959B42300D76C54 /* ContentColeectionViewCell.xib in Resources */ = {isa = PBXBuildFile; fileRef = 9DBC4BD02959B42300D76C54 /* ContentColeectionViewCell.xib */; };
		9DBC4BDC2959D8B000D76C54 /* ProductDetailsViewController.swift in Sources */ = {isa = PBXBuildFile; fileRef = 9DBC4BDA2959D8B000D76C54 /* ProductDetailsViewController.swift */; };
		9DBC4BDD2959D8B000D76C54 /* ProductDetailsViewController.xib in Resources */ = {isa = PBXBuildFile; fileRef = 9DBC4BDB2959D8B000D76C54 /* ProductDetailsViewController.xib */; };
		9DC858DA29589CD800589967 /* MenuViewController.swift in Sources */ = {isa = PBXBuildFile; fileRef = 9DC858D829589CD800589967 /* MenuViewController.swift */; };
		9DC858DB29589CD800589967 /* MenuViewController.xib in Resources */ = {isa = PBXBuildFile; fileRef = 9DC858D929589CD800589967 /* MenuViewController.xib */; };
		9DC96A7A295AE743004B80F7 /* ProductTable+EX.swift in Sources */ = {isa = PBXBuildFile; fileRef = 9DC96A79295AE743004B80F7 /* ProductTable+EX.swift */; };
		9DC96A7C295AEB1E004B80F7 /* ExpandingModel.swift in Sources */ = {isa = PBXBuildFile; fileRef = 9DC96A7B295AEB1E004B80F7 /* ExpandingModel.swift */; };
		9DC96A81295AEF94004B80F7 /* AditionRemoveTableViewCell.swift in Sources */ = {isa = PBXBuildFile; fileRef = 9DC96A7F295AEF94004B80F7 /* AditionRemoveTableViewCell.swift */; };
		9DC96A82295AEF94004B80F7 /* AditionRemoveTableViewCell.xib in Resources */ = {isa = PBXBuildFile; fileRef = 9DC96A80295AEF94004B80F7 /* AditionRemoveTableViewCell.xib */; };
		9DC96A87295AF4DC004B80F7 /* AdditionRemoveTitleCell.swift in Sources */ = {isa = PBXBuildFile; fileRef = 9DC96A85295AF4DC004B80F7 /* AdditionRemoveTitleCell.swift */; };
		9DC96A88295AF4DC004B80F7 /* AdditionRemoveTitleCell.xib in Resources */ = {isa = PBXBuildFile; fileRef = 9DC96A86295AF4DC004B80F7 /* AdditionRemoveTitleCell.xib */; };
		9DC96A91295B31C4004B80F7 /* NotesTableViewCell.swift in Sources */ = {isa = PBXBuildFile; fileRef = 9DC96A8F295B31C4004B80F7 /* NotesTableViewCell.swift */; };
		9DC96A92295B31C4004B80F7 /* NotesTableViewCell.xib in Resources */ = {isa = PBXBuildFile; fileRef = 9DC96A90295B31C4004B80F7 /* NotesTableViewCell.xib */; };
		9DC96A96295B3D08004B80F7 /* RelateddishesTableViewCell.swift in Sources */ = {isa = PBXBuildFile; fileRef = 9DC96A94295B3D08004B80F7 /* RelateddishesTableViewCell.swift */; };
		9DC96A97295B3D08004B80F7 /* RelateddishesTableViewCell.xib in Resources */ = {isa = PBXBuildFile; fileRef = 9DC96A95295B3D08004B80F7 /* RelateddishesTableViewCell.xib */; };
		9DC96A9B295B3EF9004B80F7 /* DishesCollectionViewCell.swift in Sources */ = {isa = PBXBuildFile; fileRef = 9DC96A99295B3EF9004B80F7 /* DishesCollectionViewCell.swift */; };
		9DC96A9C295B3EF9004B80F7 /* DishesCollectionViewCell.xib in Resources */ = {isa = PBXBuildFile; fileRef = 9DC96A9A295B3EF9004B80F7 /* DishesCollectionViewCell.xib */; };
/* End PBXBuildFile section */

/* Begin PBXFileReference section */
		309245C1694014386B3BC23F /* Pods_Bokhary.framework */ = {isa = PBXFileReference; explicitFileType = wrapper.framework; includeInIndex = 0; path = Pods_Bokhary.framework; sourceTree = BUILT_PRODUCTS_DIR; };
		6C947F9D45E436BF2C3429F4 /* Pods-Bokhary.debug.xcconfig */ = {isa = PBXFileReference; includeInIndex = 1; lastKnownFileType = text.xcconfig; name = "Pods-Bokhary.debug.xcconfig"; path = "Target Support Files/Pods-Bokhary/Pods-Bokhary.debug.xcconfig"; sourceTree = "<group>"; };
		9D1D25C22958497C0041431D /* Bokhary.app */ = {isa = PBXFileReference; explicitFileType = wrapper.application; includeInIndex = 0; path = Bokhary.app; sourceTree = BUILT_PRODUCTS_DIR; };
		9D1D25C52958497C0041431D /* AppDelegate.swift */ = {isa = PBXFileReference; lastKnownFileType = sourcecode.swift; path = AppDelegate.swift; sourceTree = "<group>"; };
		9D1D25C72958497C0041431D /* SceneDelegate.swift */ = {isa = PBXFileReference; lastKnownFileType = sourcecode.swift; path = SceneDelegate.swift; sourceTree = "<group>"; };
		9D1D25C92958497C0041431D /* ViewController.swift */ = {isa = PBXFileReference; lastKnownFileType = sourcecode.swift; path = ViewController.swift; sourceTree = "<group>"; };
		9D1D25CC2958497C0041431D /* Base */ = {isa = PBXFileReference; lastKnownFileType = file.storyboard; name = Base; path = Base.lproj/Main.storyboard; sourceTree = "<group>"; };
		9D1D25CF2958497C0041431D /* Bokhary.xcdatamodel */ = {isa = PBXFileReference; lastKnownFileType = wrapper.xcdatamodel; path = Bokhary.xcdatamodel; sourceTree = "<group>"; };
		9D1D25D12958497F0041431D /* Assets.xcassets */ = {isa = PBXFileReference; lastKnownFileType = folder.assetcatalog; path = Assets.xcassets; sourceTree = "<group>"; };
		9D1D25D42958497F0041431D /* Base */ = {isa = PBXFileReference; lastKnownFileType = file.storyboard; name = Base; path = Base.lproj/LaunchScreen.storyboard; sourceTree = "<group>"; };
		9D1D25D62958497F0041431D /* Info.plist */ = {isa = PBXFileReference; lastKnownFileType = text.plist.xml; path = Info.plist; sourceTree = "<group>"; };
		9D1D25E029585CBC0041431D /* BranchesViewController.swift */ = {isa = PBXFileReference; lastKnownFileType = sourcecode.swift; path = BranchesViewController.swift; sourceTree = "<group>"; };
		9D1D25E129585CBC0041431D /* BranchesViewController.xib */ = {isa = PBXFileReference; lastKnownFileType = file.xib; path = BranchesViewController.xib; sourceTree = "<group>"; };
		9D1D25EA29586E600041431D /* HomeViewController.swift */ = {isa = PBXFileReference; lastKnownFileType = sourcecode.swift; path = HomeViewController.swift; sourceTree = "<group>"; };
		9D1D25EB29586E600041431D /* HomeViewController.xib */ = {isa = PBXFileReference; lastKnownFileType = file.xib; path = HomeViewController.xib; sourceTree = "<group>"; };
		9D1D25EE29587D350041431D /* HomeCollectionViewCell.swift */ = {isa = PBXFileReference; lastKnownFileType = sourcecode.swift; path = HomeCollectionViewCell.swift; sourceTree = "<group>"; };
		9D1D25EF29587D350041431D /* HomeCollectionViewCell.xib */ = {isa = PBXFileReference; lastKnownFileType = file.xib; path = HomeCollectionViewCell.xib; sourceTree = "<group>"; };
		9D1D25F229587E850041431D /* HomeViewController+EX.swift */ = {isa = PBXFileReference; lastKnownFileType = sourcecode.swift; path = "HomeViewController+EX.swift"; sourceTree = "<group>"; };
		9D2684D729588D8E005DFB04 /* HomeVC+TableEX.swift */ = {isa = PBXFileReference; lastKnownFileType = sourcecode.swift; path = "HomeVC+TableEX.swift"; sourceTree = "<group>"; };
		9D2684E329589340005DFB04 /* HomeTableViewCell.swift */ = {isa = PBXFileReference; lastKnownFileType = sourcecode.swift; path = HomeTableViewCell.swift; sourceTree = "<group>"; };
		9D2684E429589340005DFB04 /* HomeTableViewCell.xib */ = {isa = PBXFileReference; lastKnownFileType = file.xib; path = HomeTableViewCell.xib; sourceTree = "<group>"; };
		9D879BC7295B973300715265 /* AddReviewViewController.swift */ = {isa = PBXFileReference; lastKnownFileType = sourcecode.swift; path = AddReviewViewController.swift; sourceTree = "<group>"; };
		9D879BC8295B973300715265 /* AddReviewViewController.xib */ = {isa = PBXFileReference; lastKnownFileType = file.xib; path = AddReviewViewController.xib; sourceTree = "<group>"; };
		9D879BD5295BA76B00715265 /* CommentTableViewCell.swift */ = {isa = PBXFileReference; lastKnownFileType = sourcecode.swift; path = CommentTableViewCell.swift; sourceTree = "<group>"; };
		9D879BD6295BA76B00715265 /* CommentTableViewCell.xib */ = {isa = PBXFileReference; lastKnownFileType = file.xib; path = CommentTableViewCell.xib; sourceTree = "<group>"; };
		9D879BDA295BAA3700715265 /* AddCmment+EXtension.swift */ = {isa = PBXFileReference; lastKnownFileType = sourcecode.swift; path = "AddCmment+EXtension.swift"; sourceTree = "<group>"; };
		9D9D36DA2958F8FE00A50F24 /* SliderHomeTableViewCell.swift */ = {isa = PBXFileReference; lastKnownFileType = sourcecode.swift; path = SliderHomeTableViewCell.swift; sourceTree = "<group>"; };
		9D9D36DB2958F8FE00A50F24 /* SliderHomeTableViewCell.xib */ = {isa = PBXFileReference; lastKnownFileType = file.xib; path = SliderHomeTableViewCell.xib; sourceTree = "<group>"; };
		9D9D36DF295909BB00A50F24 /* UIColor+EX.swift */ = {isa = PBXFileReference; lastKnownFileType = sourcecode.swift; path = "UIColor+EX.swift"; sourceTree = "<group>"; };
		9DBC4BC5295992F200D76C54 /* CategoryCollectionViewCell.swift */ = {isa = PBXFileReference; lastKnownFileType = sourcecode.swift; path = CategoryCollectionViewCell.swift; sourceTree = "<group>"; };
		9DBC4BC6295992F200D76C54 /* CategoryCollectionViewCell.xib */ = {isa = PBXFileReference; lastKnownFileType = file.xib; path = CategoryCollectionViewCell.xib; sourceTree = "<group>"; };
		9DBC4BCB2959950100D76C54 /* MenuCollection+Ex.swift */ = {isa = PBXFileReference; lastKnownFileType = sourcecode.swift; path = "MenuCollection+Ex.swift"; sourceTree = "<group>"; };
		9DBC4BCF2959B42300D76C54 /* ContentColeectionViewCell.swift */ = {isa = PBXFileReference; lastKnownFileType = sourcecode.swift; path = ContentColeectionViewCell.swift; sourceTree = "<group>"; };
		9DBC4BD02959B42300D76C54 /* ContentColeectionViewCell.xib */ = {isa = PBXFileReference; lastKnownFileType = file.xib; path = ContentColeectionViewCell.xib; sourceTree = "<group>"; };
		9DBC4BDA2959D8B000D76C54 /* ProductDetailsViewController.swift */ = {isa = PBXFileReference; lastKnownFileType = sourcecode.swift; path = ProductDetailsViewController.swift; sourceTree = "<group>"; };
		9DBC4BDB2959D8B000D76C54 /* ProductDetailsViewController.xib */ = {isa = PBXFileReference; lastKnownFileType = file.xib; path = ProductDetailsViewController.xib; sourceTree = "<group>"; };
		9DC858D829589CD800589967 /* MenuViewController.swift */ = {isa = PBXFileReference; lastKnownFileType = sourcecode.swift; path = MenuViewController.swift; sourceTree = "<group>"; };
		9DC858D929589CD800589967 /* MenuViewController.xib */ = {isa = PBXFileReference; lastKnownFileType = file.xib; path = MenuViewController.xib; sourceTree = "<group>"; };
		9DC96A79295AE743004B80F7 /* ProductTable+EX.swift */ = {isa = PBXFileReference; lastKnownFileType = sourcecode.swift; path = "ProductTable+EX.swift"; sourceTree = "<group>"; };
		9DC96A7B295AEB1E004B80F7 /* ExpandingModel.swift */ = {isa = PBXFileReference; lastKnownFileType = sourcecode.swift; path = ExpandingModel.swift; sourceTree = "<group>"; };
		9DC96A7F295AEF94004B80F7 /* AditionRemoveTableViewCell.swift */ = {isa = PBXFileReference; lastKnownFileType = sourcecode.swift; path = AditionRemoveTableViewCell.swift; sourceTree = "<group>"; };
		9DC96A80295AEF94004B80F7 /* AditionRemoveTableViewCell.xib */ = {isa = PBXFileReference; lastKnownFileType = file.xib; path = AditionRemoveTableViewCell.xib; sourceTree = "<group>"; };
		9DC96A85295AF4DC004B80F7 /* AdditionRemoveTitleCell.swift */ = {isa = PBXFileReference; lastKnownFileType = sourcecode.swift; path = AdditionRemoveTitleCell.swift; sourceTree = "<group>"; };
		9DC96A86295AF4DC004B80F7 /* AdditionRemoveTitleCell.xib */ = {isa = PBXFileReference; lastKnownFileType = file.xib; path = AdditionRemoveTitleCell.xib; sourceTree = "<group>"; };
		9DC96A8F295B31C4004B80F7 /* NotesTableViewCell.swift */ = {isa = PBXFileReference; lastKnownFileType = sourcecode.swift; path = NotesTableViewCell.swift; sourceTree = "<group>"; };
		9DC96A90295B31C4004B80F7 /* NotesTableViewCell.xib */ = {isa = PBXFileReference; lastKnownFileType = file.xib; path = NotesTableViewCell.xib; sourceTree = "<group>"; };
		9DC96A94295B3D08004B80F7 /* RelateddishesTableViewCell.swift */ = {isa = PBXFileReference; lastKnownFileType = sourcecode.swift; path = RelateddishesTableViewCell.swift; sourceTree = "<group>"; };
		9DC96A95295B3D08004B80F7 /* RelateddishesTableViewCell.xib */ = {isa = PBXFileReference; lastKnownFileType = file.xib; path = RelateddishesTableViewCell.xib; sourceTree = "<group>"; };
		9DC96A99295B3EF9004B80F7 /* DishesCollectionViewCell.swift */ = {isa = PBXFileReference; lastKnownFileType = sourcecode.swift; path = DishesCollectionViewCell.swift; sourceTree = "<group>"; };
		9DC96A9A295B3EF9004B80F7 /* DishesCollectionViewCell.xib */ = {isa = PBXFileReference; lastKnownFileType = file.xib; path = DishesCollectionViewCell.xib; sourceTree = "<group>"; };
		B9C9B051205356EB34903564 /* Pods-Bokhary.release.xcconfig */ = {isa = PBXFileReference; includeInIndex = 1; lastKnownFileType = text.xcconfig; name = "Pods-Bokhary.release.xcconfig"; path = "Target Support Files/Pods-Bokhary/Pods-Bokhary.release.xcconfig"; sourceTree = "<group>"; };
/* End PBXFileReference section */

/* Begin PBXFrameworksBuildPhase section */
		9D1D25BF2958497C0041431D /* Frameworks */ = {
			isa = PBXFrameworksBuildPhase;
			buildActionMask = 2147483647;
			files = (
				3368FA56BF46ACA9DCDC9F26 /* Pods_Bokhary.framework in Frameworks */,
			);
			runOnlyForDeploymentPostprocessing = 0;
		};
/* End PBXFrameworksBuildPhase section */

/* Begin PBXGroup section */
		313BA8C2BF1615D8D4F546EA /* Pods */ = {
			isa = PBXGroup;
			children = (
				6C947F9D45E436BF2C3429F4 /* Pods-Bokhary.debug.xcconfig */,
				B9C9B051205356EB34903564 /* Pods-Bokhary.release.xcconfig */,
			);
			path = Pods;
			sourceTree = "<group>";
		};
		9D1D25B92958497C0041431D = {
			isa = PBXGroup;
			children = (
				9D1D25C42958497C0041431D /* Bokhary */,
				9D1D25C32958497C0041431D /* Products */,
				313BA8C2BF1615D8D4F546EA /* Pods */,
				BD9111B517589DC70633FEBE /* Frameworks */,
			);
			sourceTree = "<group>";
		};
		9D1D25C32958497C0041431D /* Products */ = {
			isa = PBXGroup;
			children = (
				9D1D25C22958497C0041431D /* Bokhary.app */,
			);
			name = Products;
			sourceTree = "<group>";
		};
		9D1D25C42958497C0041431D /* Bokhary */ = {
			isa = PBXGroup;
			children = (
				9D879BC2295B969500715265 /* Add review */,
				9DBC4BD52959D83A00D76C54 /* ProductDetails */,
				9D9D36DE2959099200A50F24 /* EXtension */,
				9DC858D329589C3700589967 /* Menu */,
				9D1D25E629586E1A0041431D /* Home */,
				9D1D25DC29585C390041431D /* Branches */,
				9D1D25C52958497C0041431D /* AppDelegate.swift */,
				9D1D25C72958497C0041431D /* SceneDelegate.swift */,
				9D1D25C92958497C0041431D /* ViewController.swift */,
				9D1D25CB2958497C0041431D /* Main.storyboard */,
				9D1D25D12958497F0041431D /* Assets.xcassets */,
				9D1D25D32958497F0041431D /* LaunchScreen.storyboard */,
				9D1D25D62958497F0041431D /* Info.plist */,
				9D1D25CE2958497C0041431D /* Bokhary.xcdatamodeld */,
			);
			path = Bokhary;
			sourceTree = "<group>";
		};
		9D1D25DC29585C390041431D /* Branches */ = {
			isa = PBXGroup;
			children = (
				9D1D25DF29585C810041431D /* Controller */,
				9D1D25DE29585C780041431D /* View */,
				9D1D25DD29585C6E0041431D /* Main */,
			);
			path = Branches;
			sourceTree = "<group>";
		};
		9D1D25DD29585C6E0041431D /* Main */ = {
			isa = PBXGroup;
			children = (
			);
			path = Main;
			sourceTree = "<group>";
		};
		9D1D25DE29585C780041431D /* View */ = {
			isa = PBXGroup;
			children = (
				9D1D25E029585CBC0041431D /* BranchesViewController.swift */,
				9D1D25E129585CBC0041431D /* BranchesViewController.xib */,
			);
			path = View;
			sourceTree = "<group>";
		};
		9D1D25DF29585C810041431D /* Controller */ = {
			isa = PBXGroup;
			children = (
			);
			path = Controller;
			sourceTree = "<group>";
		};
		9D1D25E629586E1A0041431D /* Home */ = {
			isa = PBXGroup;
			children = (
				9D9D36D92958F85200A50F24 /* ViewModel */,
				9D1D25E829586E370041431D /* View */,
			);
			path = Home;
			sourceTree = "<group>";
		};
		9D1D25E729586E2E0041431D /* Model */ = {
			isa = PBXGroup;
			children = (
			);
			path = Model;
			sourceTree = "<group>";
		};
		9D1D25E829586E370041431D /* View */ = {
			isa = PBXGroup;
			children = (
				9D9D36D72958F7E400A50F24 /* ViewController */,
				9D9D36D62958F7A800A50F24 /* Cell */,
				9D1D25E729586E2E0041431D /* Model */,
			);
			path = View;
			sourceTree = "<group>";
		};
		9D2684D529588CEF005DFB04 /* HomeCollectionViewCell */ = {
			isa = PBXGroup;
			children = (
				9D1D25EE29587D350041431D /* HomeCollectionViewCell.swift */,
				9D1D25EF29587D350041431D /* HomeCollectionViewCell.xib */,
			);
			path = HomeCollectionViewCell;
			sourceTree = "<group>";
		};
		9D2684D629588D4D005DFB04 /* HomeViewController */ = {
			isa = PBXGroup;
			children = (
				9D1D25EA29586E600041431D /* HomeViewController.swift */,
				9D1D25EB29586E600041431D /* HomeViewController.xib */,
			);
			path = HomeViewController;
			sourceTree = "<group>";
		};
		9D2684E229589325005DFB04 /* HomeTableViewCell */ = {
			isa = PBXGroup;
			children = (
				9D2684E329589340005DFB04 /* HomeTableViewCell.swift */,
				9D2684E429589340005DFB04 /* HomeTableViewCell.xib */,
			);
			path = HomeTableViewCell;
			sourceTree = "<group>";
		};
		9D879BC2295B969500715265 /* Add review */ = {
			isa = PBXGroup;
			children = (
				9D879BC5295B96EB00715265 /* View Model */,
				9D879BC4295B96A600715265 /* View */,
				9D879BC3295B969E00715265 /* Model */,
			);
			path = "Add review";
			sourceTree = "<group>";
		};
		9D879BC3295B969E00715265 /* Model */ = {
			isa = PBXGroup;
			children = (
			);
			path = Model;
			sourceTree = "<group>";
		};
		9D879BC4295B96A600715265 /* View */ = {
			isa = PBXGroup;
			children = (
				9D879BD9295BAA0900715265 /* AddReview+EX */,
				9D879BCF295BA71A00715265 /* Cell */,
				9D879BC6295B96FB00715265 /* View Controller */,
			);
			path = View;
			sourceTree = "<group>";
		};
		9D879BC5295B96EB00715265 /* View Model */ = {
			isa = PBXGroup;
			children = (
			);
			path = "View Model";
			sourceTree = "<group>";
		};
		9D879BC6295B96FB00715265 /* View Controller */ = {
			isa = PBXGroup;
			children = (
				9D879BC7295B973300715265 /* AddReviewViewController.swift */,
				9D879BC8295B973300715265 /* AddReviewViewController.xib */,
			);
			path = "View Controller";
			sourceTree = "<group>";
		};
		9D879BCF295BA71A00715265 /* Cell */ = {
			isa = PBXGroup;
			children = (
				9D879BD4295BA74C00715265 /* CommentCell */,
			);
			path = Cell;
			sourceTree = "<group>";
		};
		9D879BD4295BA74C00715265 /* CommentCell */ = {
			isa = PBXGroup;
			children = (
				9D879BD5295BA76B00715265 /* CommentTableViewCell.swift */,
				9D879BD6295BA76B00715265 /* CommentTableViewCell.xib */,
			);
			path = CommentCell;
			sourceTree = "<group>";
		};
		9D879BD9295BAA0900715265 /* AddReview+EX */ = {
			isa = PBXGroup;
			children = (
				9D879BDA295BAA3700715265 /* AddCmment+EXtension.swift */,
			);
			path = "AddReview+EX";
			sourceTree = "<group>";
		};
		9D9D36D52958F71D00A50F24 /* Slider Home */ = {
			isa = PBXGroup;
			children = (
				9D9D36DA2958F8FE00A50F24 /* SliderHomeTableViewCell.swift */,
				9D9D36DB2958F8FE00A50F24 /* SliderHomeTableViewCell.xib */,
			);
			path = "Slider Home";
			sourceTree = "<group>";
		};
		9D9D36D62958F7A800A50F24 /* Cell */ = {
			isa = PBXGroup;
			children = (
				9D9D36D52958F71D00A50F24 /* Slider Home */,
				9D2684D529588CEF005DFB04 /* HomeCollectionViewCell */,
				9D2684E229589325005DFB04 /* HomeTableViewCell */,
			);
			path = Cell;
			sourceTree = "<group>";
		};
		9D9D36D72958F7E400A50F24 /* ViewController */ = {
			isa = PBXGroup;
			children = (
				9D9D36D82958F82000A50F24 /* Home+EX */,
				9D2684D629588D4D005DFB04 /* HomeViewController */,
			);
			path = ViewController;
			sourceTree = "<group>";
		};
		9D9D36D82958F82000A50F24 /* Home+EX */ = {
			isa = PBXGroup;
			children = (
				9D2684D729588D8E005DFB04 /* HomeVC+TableEX.swift */,
				9D1D25F229587E850041431D /* HomeViewController+EX.swift */,
			);
			path = "Home+EX";
			sourceTree = "<group>";
		};
		9D9D36D92958F85200A50F24 /* ViewModel */ = {
			isa = PBXGroup;
			children = (
			);
			path = ViewModel;
			sourceTree = "<group>";
		};
		9D9D36DE2959099200A50F24 /* EXtension */ = {
			isa = PBXGroup;
			children = (
				9D9D36DF295909BB00A50F24 /* UIColor+EX.swift */,
			);
			path = EXtension;
			sourceTree = "<group>";
		};
		9DBC4BC4295992AE00D76C54 /* Category Collection Cell */ = {
			isa = PBXGroup;
			children = (
				9DBC4BC5295992F200D76C54 /* CategoryCollectionViewCell.swift */,
				9DBC4BC6295992F200D76C54 /* CategoryCollectionViewCell.xib */,
			);
			path = "Category Collection Cell";
			sourceTree = "<group>";
		};
		9DBC4BC92959948B00D76C54 /* ViewController */ = {
			isa = PBXGroup;
			children = (
				9DC858D729589CAA00589967 /* MenuViewController */,
			);
			path = ViewController;
			sourceTree = "<group>";
		};
		9DBC4BCA295994DA00D76C54 /* Menu + EX */ = {
			isa = PBXGroup;
			children = (
				9DBC4BCB2959950100D76C54 /* MenuCollection+Ex.swift */,
			);
			path = "Menu + EX";
			sourceTree = "<group>";
		};
		9DBC4BCD2959B3DF00D76C54 /* Cell */ = {
			isa = PBXGroup;
			children = (
				9DBC4BCE2959B3EC00D76C54 /* ContentColeectionViewCell */,
			);
			path = Cell;
			sourceTree = "<group>";
		};
		9DBC4BCE2959B3EC00D76C54 /* ContentColeectionViewCell */ = {
			isa = PBXGroup;
			children = (
				9DBC4BCF2959B42300D76C54 /* ContentColeectionViewCell.swift */,
				9DBC4BD02959B42300D76C54 /* ContentColeectionViewCell.xib */,
			);
			path = ContentColeectionViewCell;
			sourceTree = "<group>";
		};
		9DBC4BD52959D83A00D76C54 /* ProductDetails */ = {
			isa = PBXGroup;
			children = (
				9DBC4BD82959D86900D76C54 /* View Model */,
				9DBC4BD72959D86200D76C54 /* View */,
				9DBC4BD62959D85A00D76C54 /* Model */,
			);
			path = ProductDetails;
			sourceTree = "<group>";
		};
		9DBC4BD62959D85A00D76C54 /* Model */ = {
			isa = PBXGroup;
			children = (
			);
			path = Model;
			sourceTree = "<group>";
		};
		9DBC4BD72959D86200D76C54 /* View */ = {
			isa = PBXGroup;
			children = (
				9DC96A7D295AEF53004B80F7 /* Cell */,
				9DC96A78295AE714004B80F7 /* ProductDetails+EX */,
				9DBC4BD92959D87F00D76C54 /* ProductDetailsVC */,
			);
			path = View;
			sourceTree = "<group>";
		};
		9DBC4BD82959D86900D76C54 /* View Model */ = {
			isa = PBXGroup;
			children = (
				9DC96A7B295AEB1E004B80F7 /* ExpandingModel.swift */,
			);
			path = "View Model";
			sourceTree = "<group>";
		};
		9DBC4BD92959D87F00D76C54 /* ProductDetailsVC */ = {
			isa = PBXGroup;
			children = (
				9DBC4BDA2959D8B000D76C54 /* ProductDetailsViewController.swift */,
				9DBC4BDB2959D8B000D76C54 /* ProductDetailsViewController.xib */,
			);
			path = ProductDetailsVC;
			sourceTree = "<group>";
		};
		9DC858D329589C3700589967 /* Menu */ = {
			isa = PBXGroup;
			children = (
				9DC858D629589C5E00589967 /* ViewModel */,
				9DC858D529589C5600589967 /* View */,
				9DC858D429589C4D00589967 /* Model */,
			);
			path = Menu;
			sourceTree = "<group>";
		};
		9DC858D429589C4D00589967 /* Model */ = {
			isa = PBXGroup;
			children = (
			);
			path = Model;
			sourceTree = "<group>";
		};
		9DC858D529589C5600589967 /* View */ = {
			isa = PBXGroup;
			children = (
				9DBC4BCD2959B3DF00D76C54 /* Cell */,
				9DBC4BCA295994DA00D76C54 /* Menu + EX */,
				9DBC4BC92959948B00D76C54 /* ViewController */,
				9DBC4BC4295992AE00D76C54 /* Category Collection Cell */,
			);
			path = View;
			sourceTree = "<group>";
		};
		9DC858D629589C5E00589967 /* ViewModel */ = {
			isa = PBXGroup;
			children = (
			);
			path = ViewModel;
			sourceTree = "<group>";
		};
		9DC858D729589CAA00589967 /* MenuViewController */ = {
			isa = PBXGroup;
			children = (
				9DC858D829589CD800589967 /* MenuViewController.swift */,
				9DC858D929589CD800589967 /* MenuViewController.xib */,
			);
			path = MenuViewController;
			sourceTree = "<group>";
		};
		9DC96A78295AE714004B80F7 /* ProductDetails+EX */ = {
			isa = PBXGroup;
			children = (
				9DC96A79295AE743004B80F7 /* ProductTable+EX.swift */,
			);
			path = "ProductDetails+EX";
			sourceTree = "<group>";
		};
		9DC96A7D295AEF53004B80F7 /* Cell */ = {
			isa = PBXGroup;
			children = (
				9DC96A98295B3EC8004B80F7 /* DishesCollectionViewCell */,
				9DC96A93295B3CE4004B80F7 /* Related dishesCell */,
				9DC96A8E295B31A6004B80F7 /* Notes */,
				9DC96A83295AF4A0004B80F7 /* AdditionRemoveTitleCell */,
				9DC96A7E295AEF64004B80F7 /* AditionRemoveCell */,
			);
			path = Cell;
			sourceTree = "<group>";
		};
		9DC96A7E295AEF64004B80F7 /* AditionRemoveCell */ = {
			isa = PBXGroup;
			children = (
				9DC96A7F295AEF94004B80F7 /* AditionRemoveTableViewCell.swift */,
				9DC96A80295AEF94004B80F7 /* AditionRemoveTableViewCell.xib */,
			);
			path = AditionRemoveCell;
			sourceTree = "<group>";
		};
		9DC96A83295AF4A0004B80F7 /* AdditionRemoveTitleCell */ = {
			isa = PBXGroup;
			children = (
				9DC96A85295AF4DC004B80F7 /* AdditionRemoveTitleCell.swift */,
				9DC96A86295AF4DC004B80F7 /* AdditionRemoveTitleCell.xib */,
			);
			path = AdditionRemoveTitleCell;
			sourceTree = "<group>";
		};
		9DC96A8E295B31A6004B80F7 /* Notes */ = {
			isa = PBXGroup;
			children = (
				9DC96A8F295B31C4004B80F7 /* NotesTableViewCell.swift */,
				9DC96A90295B31C4004B80F7 /* NotesTableViewCell.xib */,
			);
			path = Notes;
			sourceTree = "<group>";
		};
		9DC96A93295B3CE4004B80F7 /* Related dishesCell */ = {
			isa = PBXGroup;
			children = (
				9DC96A94295B3D08004B80F7 /* RelateddishesTableViewCell.swift */,
				9DC96A95295B3D08004B80F7 /* RelateddishesTableViewCell.xib */,
			);
			path = "Related dishesCell";
			sourceTree = "<group>";
		};
		9DC96A98295B3EC8004B80F7 /* DishesCollectionViewCell */ = {
			isa = PBXGroup;
			children = (
				9DC96A99295B3EF9004B80F7 /* DishesCollectionViewCell.swift */,
				9DC96A9A295B3EF9004B80F7 /* DishesCollectionViewCell.xib */,
			);
			path = DishesCollectionViewCell;
			sourceTree = "<group>";
		};
		BD9111B517589DC70633FEBE /* Frameworks */ = {
			isa = PBXGroup;
			children = (
				309245C1694014386B3BC23F /* Pods_Bokhary.framework */,
			);
			name = Frameworks;
			sourceTree = "<group>";
		};
/* End PBXGroup section */

/* Begin PBXNativeTarget section */
		9D1D25C12958497C0041431D /* Bokhary */ = {
			isa = PBXNativeTarget;
			buildConfigurationList = 9D1D25D92958497F0041431D /* Build configuration list for PBXNativeTarget "Bokhary" */;
			buildPhases = (
				AEF007A7FEAECCA4B394416E /* [CP] Check Pods Manifest.lock */,
				9D1D25BE2958497C0041431D /* Sources */,
				9D1D25BF2958497C0041431D /* Frameworks */,
				9D1D25C02958497C0041431D /* Resources */,
				1F6490C40B5A9AA3C6793B3C /* [CP] Embed Pods Frameworks */,
			);
			buildRules = (
			);
			dependencies = (
			);
			name = Bokhary;
			productName = Bokhary;
			productReference = 9D1D25C22958497C0041431D /* Bokhary.app */;
			productType = "com.apple.product-type.application";
		};
/* End PBXNativeTarget section */

/* Begin PBXProject section */
		9D1D25BA2958497C0041431D /* Project object */ = {
			isa = PBXProject;
			attributes = {
				BuildIndependentTargetsInParallel = 1;
				LastSwiftUpdateCheck = 1340;
				LastUpgradeCheck = 1340;
				TargetAttributes = {
					9D1D25C12958497C0041431D = {
						CreatedOnToolsVersion = 13.4;
					};
				};
			};
			buildConfigurationList = 9D1D25BD2958497C0041431D /* Build configuration list for PBXProject "Bokhary" */;
			compatibilityVersion = "Xcode 13.0";
			developmentRegion = en;
			hasScannedForEncodings = 0;
			knownRegions = (
				en,
				Base,
			);
			mainGroup = 9D1D25B92958497C0041431D;
			productRefGroup = 9D1D25C32958497C0041431D /* Products */;
			projectDirPath = "";
			projectRoot = "";
			targets = (
				9D1D25C12958497C0041431D /* Bokhary */,
			);
		};
/* End PBXProject section */

/* Begin PBXResourcesBuildPhase section */
		9D1D25C02958497C0041431D /* Resources */ = {
			isa = PBXResourcesBuildPhase;
			buildActionMask = 2147483647;
			files = (
				9DC96A9C295B3EF9004B80F7 /* DishesCollectionViewCell.xib in Resources */,
				9DC96A88295AF4DC004B80F7 /* AdditionRemoveTitleCell.xib in Resources */,
				9D1D25E329585CBC0041431D /* BranchesViewController.xib in Resources */,
				9D2684E629589340005DFB04 /* HomeTableViewCell.xib in Resources */,
				9DC96A97295B3D08004B80F7 /* RelateddishesTableViewCell.xib in Resources */,
				9D9D36DD2958F8FE00A50F24 /* SliderHomeTableViewCell.xib in Resources */,
				9DC96A82295AEF94004B80F7 /* AditionRemoveTableViewCell.xib in Resources */,
				9DC96A92295B31C4004B80F7 /* NotesTableViewCell.xib in Resources */,
				9D1D25F129587D350041431D /* HomeCollectionViewCell.xib in Resources */,
				9DBC4BD22959B42300D76C54 /* ContentColeectionViewCell.xib in Resources */,
				9DC858DB29589CD800589967 /* MenuViewController.xib in Resources */,
				9D1D25D52958497F0041431D /* LaunchScreen.storyboard in Resources */,
				9DBC4BC8295992F200D76C54 /* CategoryCollectionViewCell.xib in Resources */,
				9D879BD8295BA76B00715265 /* CommentTableViewCell.xib in Resources */,
				9D1D25ED29586E600041431D /* HomeViewController.xib in Resources */,
				9D879BCA295B973300715265 /* AddReviewViewController.xib in Resources */,
				9D1D25D22958497F0041431D /* Assets.xcassets in Resources */,
				9DBC4BDD2959D8B000D76C54 /* ProductDetailsViewController.xib in Resources */,
				9D1D25CD2958497C0041431D /* Main.storyboard in Resources */,
			);
			runOnlyForDeploymentPostprocessing = 0;
		};
/* End PBXResourcesBuildPhase section */

/* Begin PBXShellScriptBuildPhase section */
		1F6490C40B5A9AA3C6793B3C /* [CP] Embed Pods Frameworks */ = {
			isa = PBXShellScriptBuildPhase;
			buildActionMask = 2147483647;
			files = (
			);
			inputFileListPaths = (
				"${PODS_ROOT}/Target Support Files/Pods-Bokhary/Pods-Bokhary-frameworks-${CONFIGURATION}-input-files.xcfilelist",
			);
			name = "[CP] Embed Pods Frameworks";
			outputFileListPaths = (
				"${PODS_ROOT}/Target Support Files/Pods-Bokhary/Pods-Bokhary-frameworks-${CONFIGURATION}-output-files.xcfilelist",
			);
			runOnlyForDeploymentPostprocessing = 0;
			shellPath = /bin/sh;
			shellScript = "\"${PODS_ROOT}/Target Support Files/Pods-Bokhary/Pods-Bokhary-frameworks.sh\"\n";
			showEnvVarsInLog = 0;
		};
		AEF007A7FEAECCA4B394416E /* [CP] Check Pods Manifest.lock */ = {
			isa = PBXShellScriptBuildPhase;
			buildActionMask = 2147483647;
			files = (
			);
			inputFileListPaths = (
			);
			inputPaths = (
				"${PODS_PODFILE_DIR_PATH}/Podfile.lock",
				"${PODS_ROOT}/Manifest.lock",
			);
			name = "[CP] Check Pods Manifest.lock";
			outputFileListPaths = (
			);
			outputPaths = (
				"$(DERIVED_FILE_DIR)/Pods-Bokhary-checkManifestLockResult.txt",
			);
			runOnlyForDeploymentPostprocessing = 0;
			shellPath = /bin/sh;
			shellScript = "diff \"${PODS_PODFILE_DIR_PATH}/Podfile.lock\" \"${PODS_ROOT}/Manifest.lock\" > /dev/null\nif [ $? != 0 ] ; then\n    # print error to STDERR\n    echo \"error: The sandbox is not in sync with the Podfile.lock. Run 'pod install' or update your CocoaPods installation.\" >&2\n    exit 1\nfi\n# This output is used by Xcode 'outputs' to avoid re-running this script phase.\necho \"SUCCESS\" > \"${SCRIPT_OUTPUT_FILE_0}\"\n";
			showEnvVarsInLog = 0;
		};
/* End PBXShellScriptBuildPhase section */

/* Begin PBXSourcesBuildPhase section */
		9D1D25BE2958497C0041431D /* Sources */ = {
			isa = PBXSourcesBuildPhase;
			buildActionMask = 2147483647;
			files = (
				9D1D25F029587D350041431D /* HomeCollectionViewCell.swift in Sources */,
				9D1D25E229585CBC0041431D /* BranchesViewController.swift in Sources */,
				9D879BDB295BAA3700715265 /* AddCmment+EXtension.swift in Sources */,
				9D1D25D02958497C0041431D /* Bokhary.xcdatamodeld in Sources */,
				9DC96A7A295AE743004B80F7 /* ProductTable+EX.swift in Sources */,
				9D2684D829588D8E005DFB04 /* HomeVC+TableEX.swift in Sources */,
				9DC858DA29589CD800589967 /* MenuViewController.swift in Sources */,
				9DBC4BD12959B42300D76C54 /* ContentColeectionViewCell.swift in Sources */,
				9DC96A96295B3D08004B80F7 /* RelateddishesTableViewCell.swift in Sources */,
				9DC96A9B295B3EF9004B80F7 /* DishesCollectionViewCell.swift in Sources */,
				9DBC4BCC2959950100D76C54 /* MenuCollection+Ex.swift in Sources */,
				9D1D25CA2958497C0041431D /* ViewController.swift in Sources */,
				9D1D25C62958497C0041431D /* AppDelegate.swift in Sources */,
				9DBC4BDC2959D8B000D76C54 /* ProductDetailsViewController.swift in Sources */,
				9D2684E529589340005DFB04 /* HomeTableViewCell.swift in Sources */,
				9DC96A87295AF4DC004B80F7 /* AdditionRemoveTitleCell.swift in Sources */,
				9DC96A81295AEF94004B80F7 /* AditionRemoveTableViewCell.swift in Sources */,
				9D9D36E0295909BB00A50F24 /* UIColor+EX.swift in Sources */,
				9DC96A91295B31C4004B80F7 /* NotesTableViewCell.swift in Sources */,
				9D879BC9295B973300715265 /* AddReviewViewController.swift in Sources */,
				9D1D25C82958497C0041431D /* SceneDelegate.swift in Sources */,
				9D1D25F329587E850041431D /* HomeViewController+EX.swift in Sources */,
				9D879BD7295BA76B00715265 /* CommentTableViewCell.swift in Sources */,
				9DC96A7C295AEB1E004B80F7 /* ExpandingModel.swift in Sources */,
				9D1D25EC29586E600041431D /* HomeViewController.swift in Sources */,
				9DBC4BC7295992F200D76C54 /* CategoryCollectionViewCell.swift in Sources */,
				9D9D36DC2958F8FE00A50F24 /* SliderHomeTableViewCell.swift in Sources */,
			);
			runOnlyForDeploymentPostprocessing = 0;
		};
/* End PBXSourcesBuildPhase section */

/* Begin PBXVariantGroup section */
		9D1D25CB2958497C0041431D /* Main.storyboard */ = {
			isa = PBXVariantGroup;
			children = (
				9D1D25CC2958497C0041431D /* Base */,
			);
			name = Main.storyboard;
			sourceTree = "<group>";
		};
		9D1D25D32958497F0041431D /* LaunchScreen.storyboard */ = {
			isa = PBXVariantGroup;
			children = (
				9D1D25D42958497F0041431D /* Base */,
			);
			name = LaunchScreen.storyboard;
			sourceTree = "<group>";
		};
/* End PBXVariantGroup section */

/* Begin XCBuildConfiguration section */
		9D1D25D72958497F0041431D /* Debug */ = {
			isa = XCBuildConfiguration;
			buildSettings = {
				ALWAYS_SEARCH_USER_PATHS = NO;
				CLANG_ANALYZER_NONNULL = YES;
				CLANG_ANALYZER_NUMBER_OBJECT_CONVERSION = YES_AGGRESSIVE;
				CLANG_CXX_LANGUAGE_STANDARD = "gnu++17";
				CLANG_ENABLE_MODULES = YES;
				CLANG_ENABLE_OBJC_ARC = YES;
				CLANG_ENABLE_OBJC_WEAK = YES;
				CLANG_WARN_BLOCK_CAPTURE_AUTORELEASING = YES;
				CLANG_WARN_BOOL_CONVERSION = YES;
				CLANG_WARN_COMMA = YES;
				CLANG_WARN_CONSTANT_CONVERSION = YES;
				CLANG_WARN_DEPRECATED_OBJC_IMPLEMENTATIONS = YES;
				CLANG_WARN_DIRECT_OBJC_ISA_USAGE = YES_ERROR;
				CLANG_WARN_DOCUMENTATION_COMMENTS = YES;
				CLANG_WARN_EMPTY_BODY = YES;
				CLANG_WARN_ENUM_CONVERSION = YES;
				CLANG_WARN_INFINITE_RECURSION = YES;
				CLANG_WARN_INT_CONVERSION = YES;
				CLANG_WARN_NON_LITERAL_NULL_CONVERSION = YES;
				CLANG_WARN_OBJC_IMPLICIT_RETAIN_SELF = YES;
				CLANG_WARN_OBJC_LITERAL_CONVERSION = YES;
				CLANG_WARN_OBJC_ROOT_CLASS = YES_ERROR;
				CLANG_WARN_QUOTED_INCLUDE_IN_FRAMEWORK_HEADER = YES;
				CLANG_WARN_RANGE_LOOP_ANALYSIS = YES;
				CLANG_WARN_STRICT_PROTOTYPES = YES;
				CLANG_WARN_SUSPICIOUS_MOVE = YES;
				CLANG_WARN_UNGUARDED_AVAILABILITY = YES_AGGRESSIVE;
				CLANG_WARN_UNREACHABLE_CODE = YES;
				CLANG_WARN__DUPLICATE_METHOD_MATCH = YES;
				COPY_PHASE_STRIP = NO;
				DEBUG_INFORMATION_FORMAT = dwarf;
				ENABLE_STRICT_OBJC_MSGSEND = YES;
				ENABLE_TESTABILITY = YES;
				GCC_C_LANGUAGE_STANDARD = gnu11;
				GCC_DYNAMIC_NO_PIC = NO;
				GCC_NO_COMMON_BLOCKS = YES;
				GCC_OPTIMIZATION_LEVEL = 0;
				GCC_PREPROCESSOR_DEFINITIONS = (
					"DEBUG=1",
					"$(inherited)",
				);
				GCC_WARN_64_TO_32_BIT_CONVERSION = YES;
				GCC_WARN_ABOUT_RETURN_TYPE = YES_ERROR;
				GCC_WARN_UNDECLARED_SELECTOR = YES;
				GCC_WARN_UNINITIALIZED_AUTOS = YES_AGGRESSIVE;
				GCC_WARN_UNUSED_FUNCTION = YES;
				GCC_WARN_UNUSED_VARIABLE = YES;
				IPHONEOS_DEPLOYMENT_TARGET = 15.5;
				MTL_ENABLE_DEBUG_INFO = INCLUDE_SOURCE;
				MTL_FAST_MATH = YES;
				ONLY_ACTIVE_ARCH = YES;
				SDKROOT = iphoneos;
				SWIFT_ACTIVE_COMPILATION_CONDITIONS = DEBUG;
				SWIFT_OPTIMIZATION_LEVEL = "-Onone";
			};
			name = Debug;
		};
		9D1D25D82958497F0041431D /* Release */ = {
			isa = XCBuildConfiguration;
			buildSettings = {
				ALWAYS_SEARCH_USER_PATHS = NO;
				CLANG_ANALYZER_NONNULL = YES;
				CLANG_ANALYZER_NUMBER_OBJECT_CONVERSION = YES_AGGRESSIVE;
				CLANG_CXX_LANGUAGE_STANDARD = "gnu++17";
				CLANG_ENABLE_MODULES = YES;
				CLANG_ENABLE_OBJC_ARC = YES;
				CLANG_ENABLE_OBJC_WEAK = YES;
				CLANG_WARN_BLOCK_CAPTURE_AUTORELEASING = YES;
				CLANG_WARN_BOOL_CONVERSION = YES;
				CLANG_WARN_COMMA = YES;
				CLANG_WARN_CONSTANT_CONVERSION = YES;
				CLANG_WARN_DEPRECATED_OBJC_IMPLEMENTATIONS = YES;
				CLANG_WARN_DIRECT_OBJC_ISA_USAGE = YES_ERROR;
				CLANG_WARN_DOCUMENTATION_COMMENTS = YES;
				CLANG_WARN_EMPTY_BODY = YES;
				CLANG_WARN_ENUM_CONVERSION = YES;
				CLANG_WARN_INFINITE_RECURSION = YES;
				CLANG_WARN_INT_CONVERSION = YES;
				CLANG_WARN_NON_LITERAL_NULL_CONVERSION = YES;
				CLANG_WARN_OBJC_IMPLICIT_RETAIN_SELF = YES;
				CLANG_WARN_OBJC_LITERAL_CONVERSION = YES;
				CLANG_WARN_OBJC_ROOT_CLASS = YES_ERROR;
				CLANG_WARN_QUOTED_INCLUDE_IN_FRAMEWORK_HEADER = YES;
				CLANG_WARN_RANGE_LOOP_ANALYSIS = YES;
				CLANG_WARN_STRICT_PROTOTYPES = YES;
				CLANG_WARN_SUSPICIOUS_MOVE = YES;
				CLANG_WARN_UNGUARDED_AVAILABILITY = YES_AGGRESSIVE;
				CLANG_WARN_UNREACHABLE_CODE = YES;
				CLANG_WARN__DUPLICATE_METHOD_MATCH = YES;
				COPY_PHASE_STRIP = NO;
				DEBUG_INFORMATION_FORMAT = "dwarf-with-dsym";
				ENABLE_NS_ASSERTIONS = NO;
				ENABLE_STRICT_OBJC_MSGSEND = YES;
				GCC_C_LANGUAGE_STANDARD = gnu11;
				GCC_NO_COMMON_BLOCKS = YES;
				GCC_WARN_64_TO_32_BIT_CONVERSION = YES;
				GCC_WARN_ABOUT_RETURN_TYPE = YES_ERROR;
				GCC_WARN_UNDECLARED_SELECTOR = YES;
				GCC_WARN_UNINITIALIZED_AUTOS = YES_AGGRESSIVE;
				GCC_WARN_UNUSED_FUNCTION = YES;
				GCC_WARN_UNUSED_VARIABLE = YES;
				IPHONEOS_DEPLOYMENT_TARGET = 15.5;
				MTL_ENABLE_DEBUG_INFO = NO;
				MTL_FAST_MATH = YES;
				SDKROOT = iphoneos;
				SWIFT_COMPILATION_MODE = wholemodule;
				SWIFT_OPTIMIZATION_LEVEL = "-O";
				VALIDATE_PRODUCT = YES;
			};
			name = Release;
		};
		9D1D25DA2958497F0041431D /* Debug */ = {
			isa = XCBuildConfiguration;
			baseConfigurationReference = 6C947F9D45E436BF2C3429F4 /* Pods-Bokhary.debug.xcconfig */;
			buildSettings = {
				ASSETCATALOG_COMPILER_APPICON_NAME = AppIcon;
				ASSETCATALOG_COMPILER_GLOBAL_ACCENT_COLOR_NAME = AccentColor;
				CODE_SIGN_STYLE = Automatic;
				CURRENT_PROJECT_VERSION = 1;
				GENERATE_INFOPLIST_FILE = YES;
				INFOPLIST_FILE = Bokhary/Info.plist;
				INFOPLIST_KEY_UIApplicationSupportsIndirectInputEvents = YES;
				INFOPLIST_KEY_UILaunchStoryboardName = LaunchScreen;
				INFOPLIST_KEY_UIMainStoryboardFile = Main;
				INFOPLIST_KEY_UISupportedInterfaceOrientations_iPad = "UIInterfaceOrientationPortrait UIInterfaceOrientationPortraitUpsideDown UIInterfaceOrientationLandscapeLeft UIInterfaceOrientationLandscapeRight";
				INFOPLIST_KEY_UISupportedInterfaceOrientations_iPhone = "UIInterfaceOrientationPortrait UIInterfaceOrientationLandscapeLeft UIInterfaceOrientationLandscapeRight";
				LD_RUNPATH_SEARCH_PATHS = (
					"$(inherited)",
					"@executable_path/Frameworks",
				);
				MARKETING_VERSION = 1.0;
				PRODUCT_BUNDLE_IDENTIFIER = jets.Bokhary;
				PRODUCT_NAME = "$(TARGET_NAME)";
				SWIFT_EMIT_LOC_STRINGS = YES;
				SWIFT_VERSION = 5.0;
				TARGETED_DEVICE_FAMILY = "1,2";
			};
			name = Debug;
		};
		9D1D25DB2958497F0041431D /* Release */ = {
			isa = XCBuildConfiguration;
			baseConfigurationReference = B9C9B051205356EB34903564 /* Pods-Bokhary.release.xcconfig */;
			buildSettings = {
				ASSETCATALOG_COMPILER_APPICON_NAME = AppIcon;
				ASSETCATALOG_COMPILER_GLOBAL_ACCENT_COLOR_NAME = AccentColor;
				CODE_SIGN_STYLE = Automatic;
				CURRENT_PROJECT_VERSION = 1;
				GENERATE_INFOPLIST_FILE = YES;
				INFOPLIST_FILE = Bokhary/Info.plist;
				INFOPLIST_KEY_UIApplicationSupportsIndirectInputEvents = YES;
				INFOPLIST_KEY_UILaunchStoryboardName = LaunchScreen;
				INFOPLIST_KEY_UIMainStoryboardFile = Main;
				INFOPLIST_KEY_UISupportedInterfaceOrientations_iPad = "UIInterfaceOrientationPortrait UIInterfaceOrientationPortraitUpsideDown UIInterfaceOrientationLandscapeLeft UIInterfaceOrientationLandscapeRight";
				INFOPLIST_KEY_UISupportedInterfaceOrientations_iPhone = "UIInterfaceOrientationPortrait UIInterfaceOrientationLandscapeLeft UIInterfaceOrientationLandscapeRight";
				LD_RUNPATH_SEARCH_PATHS = (
					"$(inherited)",
					"@executable_path/Frameworks",
				);
				MARKETING_VERSION = 1.0;
				PRODUCT_BUNDLE_IDENTIFIER = jets.Bokhary;
				PRODUCT_NAME = "$(TARGET_NAME)";
				SWIFT_EMIT_LOC_STRINGS = YES;
				SWIFT_VERSION = 5.0;
				TARGETED_DEVICE_FAMILY = "1,2";
			};
			name = Release;
		};
/* End XCBuildConfiguration section */

/* Begin XCConfigurationList section */
		9D1D25BD2958497C0041431D /* Build configuration list for PBXProject "Bokhary" */ = {
			isa = XCConfigurationList;
			buildConfigurations = (
				9D1D25D72958497F0041431D /* Debug */,
				9D1D25D82958497F0041431D /* Release */,
			);
			defaultConfigurationIsVisible = 0;
			defaultConfigurationName = Release;
		};
		9D1D25D92958497F0041431D /* Build configuration list for PBXNativeTarget "Bokhary" */ = {
			isa = XCConfigurationList;
			buildConfigurations = (
				9D1D25DA2958497F0041431D /* Debug */,
				9D1D25DB2958497F0041431D /* Release */,
			);
			defaultConfigurationIsVisible = 0;
			defaultConfigurationName = Release;
		};
/* End XCConfigurationList section */

/* Begin XCVersionGroup section */
		9D1D25CE2958497C0041431D /* Bokhary.xcdatamodeld */ = {
			isa = XCVersionGroup;
			children = (
				9D1D25CF2958497C0041431D /* Bokhary.xcdatamodel */,
			);
			currentVersion = 9D1D25CF2958497C0041431D /* Bokhary.xcdatamodel */;
			path = Bokhary.xcdatamodeld;
			sourceTree = "<group>";
			versionGroupType = wrapper.xcdatamodel;
		};
/* End XCVersionGroup section */
	};
	rootObject = 9D1D25BA2958497C0041431D /* Project object */;
}
