// !$*UTF8*$!
{
	archiveVersion = 1;
	classes = {
	};
	objectVersion = 55;
	objects = {

/* Begin PBXBuildFile section */
		9D1D25C62958497C0041431D /* AppDelegate.swift in Sources */ = {isa = PBXBuildFile; fileRef = 9D1D25C52958497C0041431D /* AppDelegate.swift */; };
		9D1D25C82958497C0041431D /* SceneDelegate.swift in Sources */ = {isa = PBXBuildFile; fileRef = 9D1D25C72958497C0041431D /* SceneDelegate.swift */; };
		9D1D25CA2958497C0041431D /* ViewController.swift in Sources */ = {isa = PBXBuildFile; fileRef = 9D1D25C92958497C0041431D /* ViewController.swift */; };
		9D1D25CD2958497C0041431D /* Main.storyboard in Resources */ = {isa = PBXBuildFile; fileRef = 9D1D25CB2958497C0041431D /* Main.storyboard */; };
		9D1D25D02958497C0041431D /* Bokhary.xcdatamodeld in Sources */ = {isa = PBXBuildFile; fileRef = 9D1D25CE2958497C0041431D /* Bokhary.xcdatamodeld */; };
		9D1D25D22958497F0041431D /* Assets.xcassets in Resources */ = {isa = PBXBuildFile; fileRef = 9D1D25D12958497F0041431D /* Assets.xcassets */; };
		9D1D25D52958497F0041431D /* LaunchScreen.storyboard in Resources */ = {isa = PBXBuildFile; fileRef = 9D1D25D32958497F0041431D /* LaunchScreen.storyboard */; };
		A61E24B7295AFD720023CFE6 /* PlaceOrderButtonTableViewCell.swift in Sources */ = {isa = PBXBuildFile; fileRef = A61E24B5295AFD720023CFE6 /* PlaceOrderButtonTableViewCell.swift */; };
		A61E24B8295AFD720023CFE6 /* PlaceOrderButtonTableViewCell.xib in Resources */ = {isa = PBXBuildFile; fileRef = A61E24B6295AFD720023CFE6 /* PlaceOrderButtonTableViewCell.xib */; };
		A6377426295A26610072D076 /* AddressDetailsTableViewCell.swift in Sources */ = {isa = PBXBuildFile; fileRef = A6377424295A26600072D076 /* AddressDetailsTableViewCell.swift */; };
		A6377427295A26610072D076 /* AddressDetailsTableViewCell.xib in Resources */ = {isa = PBXBuildFile; fileRef = A6377425295A26600072D076 /* AddressDetailsTableViewCell.xib */; };
		A637742B295A33410072D076 /* PaymentMethodsTableViewCell.swift in Sources */ = {isa = PBXBuildFile; fileRef = A6377429295A33410072D076 /* PaymentMethodsTableViewCell.swift */; };
		A637742C295A33410072D076 /* PaymentMethodsTableViewCell.xib in Resources */ = {isa = PBXBuildFile; fileRef = A637742A295A33410072D076 /* PaymentMethodsTableViewCell.xib */; };
		A637742E295A36650072D076 /* PaymentMethodsTableViewCell+CollectionViewExt.swift in Sources */ = {isa = PBXBuildFile; fileRef = A637742D295A36650072D076 /* PaymentMethodsTableViewCell+CollectionViewExt.swift */; };
		A6377432295A36B50072D076 /* PaymentMethodsCollectionViewCell.swift in Sources */ = {isa = PBXBuildFile; fileRef = A6377430295A36B50072D076 /* PaymentMethodsCollectionViewCell.swift */; };
		A6377433295A36B50072D076 /* PaymentMethodsCollectionViewCell.xib in Resources */ = {isa = PBXBuildFile; fileRef = A6377431295A36B50072D076 /* PaymentMethodsCollectionViewCell.xib */; };
		A6405CAF2959A1780057F530 /* SelectAddressTableViewCell.swift in Sources */ = {isa = PBXBuildFile; fileRef = A6405CAD2959A1780057F530 /* SelectAddressTableViewCell.swift */; };
		A6405CB02959A1780057F530 /* SelectAddressTableViewCell.xib in Resources */ = {isa = PBXBuildFile; fileRef = A6405CAE2959A1780057F530 /* SelectAddressTableViewCell.xib */; };
		A6405CB32959A2820057F530 /* SelectAddressViewModel.swift in Sources */ = {isa = PBXBuildFile; fileRef = A6405CB22959A2820057F530 /* SelectAddressViewModel.swift */; };
		A653C9EA29585BA000B8DF52 /* CartCollectionViewCell.swift in Sources */ = {isa = PBXBuildFile; fileRef = A653C9E829585BA000B8DF52 /* CartCollectionViewCell.swift */; };
		A653C9EB29585BA000B8DF52 /* CartCollectionViewCell.xib in Resources */ = {isa = PBXBuildFile; fileRef = A653C9E929585BA000B8DF52 /* CartCollectionViewCell.xib */; };
		A653C9ED29585C0600B8DF52 /* Colors.xcassets in Resources */ = {isa = PBXBuildFile; fileRef = A653C9EC29585C0600B8DF52 /* Colors.xcassets */; };
		A653C9EF29586B3B00B8DF52 /* CartViewController+TableViewExt.swift in Sources */ = {isa = PBXBuildFile; fileRef = A653C9EE29586B3B00B8DF52 /* CartViewController+TableViewExt.swift */; };
		A653C9F129586B5600B8DF52 /* CartViewController+CollectionViewExt.swift in Sources */ = {isa = PBXBuildFile; fileRef = A653C9F029586B5600B8DF52 /* CartViewController+CollectionViewExt.swift */; };
		A653C9F52958715A00B8DF52 /* CartTableViewCell.swift in Sources */ = {isa = PBXBuildFile; fileRef = A653C9F32958715A00B8DF52 /* CartTableViewCell.swift */; };
		A653C9F62958715A00B8DF52 /* CartTableViewCell.xib in Resources */ = {isa = PBXBuildFile; fileRef = A653C9F42958715A00B8DF52 /* CartTableViewCell.xib */; };
		A653C9F82958785900B8DF52 /* UIButton+Ext.swift in Sources */ = {isa = PBXBuildFile; fileRef = A653C9F72958785900B8DF52 /* UIButton+Ext.swift */; };
		A653C9FB29587F2200B8DF52 /* UIView+Ext.swift in Sources */ = {isa = PBXBuildFile; fileRef = A653C9FA29587F2200B8DF52 /* UIView+Ext.swift */; };
		A653CA0129589EF500B8DF52 /* CartViewModel.swift in Sources */ = {isa = PBXBuildFile; fileRef = A653CA0029589EF500B8DF52 /* CartViewModel.swift */; };
		A653CA052958A75B00B8DF52 /* CartViewController.swift in Sources */ = {isa = PBXBuildFile; fileRef = A653CA032958A75B00B8DF52 /* CartViewController.swift */; };
		A653CA062958A75B00B8DF52 /* CartViewController.xib in Resources */ = {isa = PBXBuildFile; fileRef = A653CA042958A75B00B8DF52 /* CartViewController.xib */; };
		A6765EB82958B21F00C0DFDC /* SectionHeaderCell.swift in Sources */ = {isa = PBXBuildFile; fileRef = A6765EB62958B21F00C0DFDC /* SectionHeaderCell.swift */; };
		A6765EB92958B21F00C0DFDC /* SectionHeaderCell.xib in Resources */ = {isa = PBXBuildFile; fileRef = A6765EB72958B21F00C0DFDC /* SectionHeaderCell.xib */; };
		A6765EC12958D6D800C0DFDC /* NoAddressViewController.swift in Sources */ = {isa = PBXBuildFile; fileRef = A6765EBF2958D6D800C0DFDC /* NoAddressViewController.swift */; };
		A6765EC22958D6D800C0DFDC /* NoAddressViewController.xib in Resources */ = {isa = PBXBuildFile; fileRef = A6765EC02958D6D800C0DFDC /* NoAddressViewController.xib */; };
		A6765ECC29599B8E00C0DFDC /* SelectAddressViewController.swift in Sources */ = {isa = PBXBuildFile; fileRef = A6765ECA29599B8E00C0DFDC /* SelectAddressViewController.swift */; };
		A6765ECD29599B8E00C0DFDC /* SelectAddressViewController.xib in Resources */ = {isa = PBXBuildFile; fileRef = A6765ECB29599B8E00C0DFDC /* SelectAddressViewController.xib */; };
		A6BB19E52959A94300145B4A /* SelectAddressViewController+TableViewExt.swift in Sources */ = {isa = PBXBuildFile; fileRef = A6BB19E42959A94300145B4A /* SelectAddressViewController+TableViewExt.swift */; };
		A6BB19EC2959AE0300145B4A /* AddAddressViewController.swift in Sources */ = {isa = PBXBuildFile; fileRef = A6BB19EA2959AE0300145B4A /* AddAddressViewController.swift */; };
		A6BB19ED2959AE0300145B4A /* AddAddressViewController.xib in Resources */ = {isa = PBXBuildFile; fileRef = A6BB19EB2959AE0300145B4A /* AddAddressViewController.xib */; };
		A6EB66EB295A144B002E74E6 /* CheckOutViewController.swift in Sources */ = {isa = PBXBuildFile; fileRef = A6EB66E9295A144B002E74E6 /* CheckOutViewController.swift */; };
		A6EB66EC295A144B002E74E6 /* CheckOutViewController.xib in Resources */ = {isa = PBXBuildFile; fileRef = A6EB66EA295A144B002E74E6 /* CheckOutViewController.xib */; };
		A6EB66EE295A17F5002E74E6 /* CheckOutViewModel.swift in Sources */ = {isa = PBXBuildFile; fileRef = A6EB66ED295A17F5002E74E6 /* CheckOutViewModel.swift */; };
		A6EB66F0295A19B6002E74E6 /* CheckOutViewController+TableViewExt.swift in Sources */ = {isa = PBXBuildFile; fileRef = A6EB66EF295A19B6002E74E6 /* CheckOutViewController+TableViewExt.swift */; };
		A6EB66F4295A1B92002E74E6 /* ItemTableViewCell.swift in Sources */ = {isa = PBXBuildFile; fileRef = A6EB66F2295A1B92002E74E6 /* ItemTableViewCell.swift */; };
		A6EB66F5295A1B92002E74E6 /* ItemTableViewCell.xib in Resources */ = {isa = PBXBuildFile; fileRef = A6EB66F3295A1B92002E74E6 /* ItemTableViewCell.xib */; };
/* End PBXBuildFile section */

/* Begin PBXFileReference section */
		9D1D25C22958497C0041431D /* Bokhary.app */ = {isa = PBXFileReference; explicitFileType = wrapper.application; includeInIndex = 0; path = Bokhary.app; sourceTree = BUILT_PRODUCTS_DIR; };
		9D1D25C52958497C0041431D /* AppDelegate.swift */ = {isa = PBXFileReference; lastKnownFileType = sourcecode.swift; path = AppDelegate.swift; sourceTree = "<group>"; };
		9D1D25C72958497C0041431D /* SceneDelegate.swift */ = {isa = PBXFileReference; lastKnownFileType = sourcecode.swift; path = SceneDelegate.swift; sourceTree = "<group>"; };
		9D1D25C92958497C0041431D /* ViewController.swift */ = {isa = PBXFileReference; lastKnownFileType = sourcecode.swift; path = ViewController.swift; sourceTree = "<group>"; };
		9D1D25CC2958497C0041431D /* Base */ = {isa = PBXFileReference; lastKnownFileType = file.storyboard; name = Base; path = Base.lproj/Main.storyboard; sourceTree = "<group>"; };
		9D1D25CF2958497C0041431D /* Bokhary.xcdatamodel */ = {isa = PBXFileReference; lastKnownFileType = wrapper.xcdatamodel; path = Bokhary.xcdatamodel; sourceTree = "<group>"; };
		9D1D25D12958497F0041431D /* Assets.xcassets */ = {isa = PBXFileReference; lastKnownFileType = folder.assetcatalog; path = Assets.xcassets; sourceTree = "<group>"; };
		9D1D25D42958497F0041431D /* Base */ = {isa = PBXFileReference; lastKnownFileType = file.storyboard; name = Base; path = Base.lproj/LaunchScreen.storyboard; sourceTree = "<group>"; };
		9D1D25D62958497F0041431D /* Info.plist */ = {isa = PBXFileReference; lastKnownFileType = text.plist.xml; path = Info.plist; sourceTree = "<group>"; };
		A61E24B5295AFD720023CFE6 /* PlaceOrderButtonTableViewCell.swift */ = {isa = PBXFileReference; lastKnownFileType = sourcecode.swift; path = PlaceOrderButtonTableViewCell.swift; sourceTree = "<group>"; };
		A61E24B6295AFD720023CFE6 /* PlaceOrderButtonTableViewCell.xib */ = {isa = PBXFileReference; lastKnownFileType = file.xib; path = PlaceOrderButtonTableViewCell.xib; sourceTree = "<group>"; };
		A6377424295A26600072D076 /* AddressDetailsTableViewCell.swift */ = {isa = PBXFileReference; lastKnownFileType = sourcecode.swift; path = AddressDetailsTableViewCell.swift; sourceTree = "<group>"; };
		A6377425295A26600072D076 /* AddressDetailsTableViewCell.xib */ = {isa = PBXFileReference; lastKnownFileType = file.xib; path = AddressDetailsTableViewCell.xib; sourceTree = "<group>"; };
		A6377429295A33410072D076 /* PaymentMethodsTableViewCell.swift */ = {isa = PBXFileReference; lastKnownFileType = sourcecode.swift; path = PaymentMethodsTableViewCell.swift; sourceTree = "<group>"; };
		A637742A295A33410072D076 /* PaymentMethodsTableViewCell.xib */ = {isa = PBXFileReference; lastKnownFileType = file.xib; path = PaymentMethodsTableViewCell.xib; sourceTree = "<group>"; };
		A637742D295A36650072D076 /* PaymentMethodsTableViewCell+CollectionViewExt.swift */ = {isa = PBXFileReference; lastKnownFileType = sourcecode.swift; path = "PaymentMethodsTableViewCell+CollectionViewExt.swift"; sourceTree = "<group>"; };
		A6377430295A36B50072D076 /* PaymentMethodsCollectionViewCell.swift */ = {isa = PBXFileReference; lastKnownFileType = sourcecode.swift; path = PaymentMethodsCollectionViewCell.swift; sourceTree = "<group>"; };
		A6377431295A36B50072D076 /* PaymentMethodsCollectionViewCell.xib */ = {isa = PBXFileReference; lastKnownFileType = file.xib; path = PaymentMethodsCollectionViewCell.xib; sourceTree = "<group>"; };
		A6405CAD2959A1780057F530 /* SelectAddressTableViewCell.swift */ = {isa = PBXFileReference; lastKnownFileType = sourcecode.swift; path = SelectAddressTableViewCell.swift; sourceTree = "<group>"; };
		A6405CAE2959A1780057F530 /* SelectAddressTableViewCell.xib */ = {isa = PBXFileReference; lastKnownFileType = file.xib; path = SelectAddressTableViewCell.xib; sourceTree = "<group>"; };
		A6405CB22959A2820057F530 /* SelectAddressViewModel.swift */ = {isa = PBXFileReference; lastKnownFileType = sourcecode.swift; path = SelectAddressViewModel.swift; sourceTree = "<group>"; };
		A653C9E829585BA000B8DF52 /* CartCollectionViewCell.swift */ = {isa = PBXFileReference; lastKnownFileType = sourcecode.swift; path = CartCollectionViewCell.swift; sourceTree = "<group>"; };
		A653C9E929585BA000B8DF52 /* CartCollectionViewCell.xib */ = {isa = PBXFileReference; lastKnownFileType = file.xib; path = CartCollectionViewCell.xib; sourceTree = "<group>"; };
		A653C9EC29585C0600B8DF52 /* Colors.xcassets */ = {isa = PBXFileReference; lastKnownFileType = folder.assetcatalog; path = Colors.xcassets; sourceTree = "<group>"; };
		A653C9EE29586B3B00B8DF52 /* CartViewController+TableViewExt.swift */ = {isa = PBXFileReference; lastKnownFileType = sourcecode.swift; path = "CartViewController+TableViewExt.swift"; sourceTree = "<group>"; };
		A653C9F029586B5600B8DF52 /* CartViewController+CollectionViewExt.swift */ = {isa = PBXFileReference; lastKnownFileType = sourcecode.swift; path = "CartViewController+CollectionViewExt.swift"; sourceTree = "<group>"; };
		A653C9F32958715A00B8DF52 /* CartTableViewCell.swift */ = {isa = PBXFileReference; lastKnownFileType = sourcecode.swift; path = CartTableViewCell.swift; sourceTree = "<group>"; };
		A653C9F42958715A00B8DF52 /* CartTableViewCell.xib */ = {isa = PBXFileReference; lastKnownFileType = file.xib; path = CartTableViewCell.xib; sourceTree = "<group>"; };
		A653C9F72958785900B8DF52 /* UIButton+Ext.swift */ = {isa = PBXFileReference; lastKnownFileType = sourcecode.swift; path = "UIButton+Ext.swift"; sourceTree = "<group>"; };
		A653C9FA29587F2200B8DF52 /* UIView+Ext.swift */ = {isa = PBXFileReference; lastKnownFileType = sourcecode.swift; path = "UIView+Ext.swift"; sourceTree = "<group>"; };
		A653CA0029589EF500B8DF52 /* CartViewModel.swift */ = {isa = PBXFileReference; lastKnownFileType = sourcecode.swift; path = CartViewModel.swift; sourceTree = "<group>"; };
		A653CA032958A75B00B8DF52 /* CartViewController.swift */ = {isa = PBXFileReference; lastKnownFileType = sourcecode.swift; path = CartViewController.swift; sourceTree = "<group>"; };
		A653CA042958A75B00B8DF52 /* CartViewController.xib */ = {isa = PBXFileReference; lastKnownFileType = file.xib; path = CartViewController.xib; sourceTree = "<group>"; };
		A6765EB62958B21F00C0DFDC /* SectionHeaderCell.swift */ = {isa = PBXFileReference; lastKnownFileType = sourcecode.swift; path = SectionHeaderCell.swift; sourceTree = "<group>"; };
		A6765EB72958B21F00C0DFDC /* SectionHeaderCell.xib */ = {isa = PBXFileReference; lastKnownFileType = file.xib; path = SectionHeaderCell.xib; sourceTree = "<group>"; };
		A6765EBF2958D6D800C0DFDC /* NoAddressViewController.swift */ = {isa = PBXFileReference; lastKnownFileType = sourcecode.swift; path = NoAddressViewController.swift; sourceTree = "<group>"; };
		A6765EC02958D6D800C0DFDC /* NoAddressViewController.xib */ = {isa = PBXFileReference; lastKnownFileType = file.xib; path = NoAddressViewController.xib; sourceTree = "<group>"; };
		A6765ECA29599B8E00C0DFDC /* SelectAddressViewController.swift */ = {isa = PBXFileReference; lastKnownFileType = sourcecode.swift; path = SelectAddressViewController.swift; sourceTree = "<group>"; };
		A6765ECB29599B8E00C0DFDC /* SelectAddressViewController.xib */ = {isa = PBXFileReference; lastKnownFileType = file.xib; path = SelectAddressViewController.xib; sourceTree = "<group>"; };
		A6BB19E42959A94300145B4A /* SelectAddressViewController+TableViewExt.swift */ = {isa = PBXFileReference; lastKnownFileType = sourcecode.swift; path = "SelectAddressViewController+TableViewExt.swift"; sourceTree = "<group>"; };
		A6BB19EA2959AE0300145B4A /* AddAddressViewController.swift */ = {isa = PBXFileReference; lastKnownFileType = sourcecode.swift; path = AddAddressViewController.swift; sourceTree = "<group>"; };
		A6BB19EB2959AE0300145B4A /* AddAddressViewController.xib */ = {isa = PBXFileReference; lastKnownFileType = file.xib; path = AddAddressViewController.xib; sourceTree = "<group>"; };
		A6EB66E9295A144B002E74E6 /* CheckOutViewController.swift */ = {isa = PBXFileReference; lastKnownFileType = sourcecode.swift; path = CheckOutViewController.swift; sourceTree = "<group>"; };
		A6EB66EA295A144B002E74E6 /* CheckOutViewController.xib */ = {isa = PBXFileReference; lastKnownFileType = file.xib; path = CheckOutViewController.xib; sourceTree = "<group>"; };
		A6EB66ED295A17F5002E74E6 /* CheckOutViewModel.swift */ = {isa = PBXFileReference; lastKnownFileType = sourcecode.swift; path = CheckOutViewModel.swift; sourceTree = "<group>"; };
		A6EB66EF295A19B6002E74E6 /* CheckOutViewController+TableViewExt.swift */ = {isa = PBXFileReference; lastKnownFileType = sourcecode.swift; path = "CheckOutViewController+TableViewExt.swift"; sourceTree = "<group>"; };
		A6EB66F2295A1B92002E74E6 /* ItemTableViewCell.swift */ = {isa = PBXFileReference; lastKnownFileType = sourcecode.swift; path = ItemTableViewCell.swift; sourceTree = "<group>"; };
		A6EB66F3295A1B92002E74E6 /* ItemTableViewCell.xib */ = {isa = PBXFileReference; lastKnownFileType = file.xib; path = ItemTableViewCell.xib; sourceTree = "<group>"; };
/* End PBXFileReference section */

/* Begin PBXFrameworksBuildPhase section */
		9D1D25BF2958497C0041431D /* Frameworks */ = {
			isa = PBXFrameworksBuildPhase;
			buildActionMask = 2147483647;
			files = (
			);
			runOnlyForDeploymentPostprocessing = 0;
		};
/* End PBXFrameworksBuildPhase section */

/* Begin PBXGroup section */
		9D1D25B92958497C0041431D = {
			isa = PBXGroup;
			children = (
				9D1D25C42958497C0041431D /* Bokhary */,
				9D1D25C32958497C0041431D /* Products */,
			);
			sourceTree = "<group>";
		};
		9D1D25C32958497C0041431D /* Products */ = {
			isa = PBXGroup;
			children = (
				9D1D25C22958497C0041431D /* Bokhary.app */,
			);
			name = Products;
			sourceTree = "<group>";
		};
		9D1D25C42958497C0041431D /* Bokhary */ = {
			isa = PBXGroup;
			children = (
				9D1D25C52958497C0041431D /* AppDelegate.swift */,
				9D1D25C72958497C0041431D /* SceneDelegate.swift */,
				9D1D25C92958497C0041431D /* ViewController.swift */,
				9D1D25CB2958497C0041431D /* Main.storyboard */,
				A653C9DF29584EBA00B8DF52 /* Cart */,
				A6765EC529599B1A00C0DFDC /* Address PopUp Views */,
				A6BB19EE2959D03C00145B4A /* Check out */,
				A653C9F92958786700B8DF52 /* Extentions */,
				9D1D25D12958497F0041431D /* Assets.xcassets */,
				A653C9EC29585C0600B8DF52 /* Colors.xcassets */,
				9D1D25D32958497F0041431D /* LaunchScreen.storyboard */,
				9D1D25D62958497F0041431D /* Info.plist */,
				9D1D25CE2958497C0041431D /* Bokhary.xcdatamodeld */,
			);
			path = Bokhary;
			sourceTree = "<group>";
		};
		A61E24B4295AFD3D0023CFE6 /* PlaceOrderButtonTableViewCell */ = {
			isa = PBXGroup;
			children = (
				A61E24B5295AFD720023CFE6 /* PlaceOrderButtonTableViewCell.swift */,
				A61E24B6295AFD720023CFE6 /* PlaceOrderButtonTableViewCell.xib */,
			);
			path = PlaceOrderButtonTableViewCell;
			sourceTree = "<group>";
		};
		A6377423295A26440072D076 /* AddressDetailsTableViewCell */ = {
			isa = PBXGroup;
			children = (
				A6377424295A26600072D076 /* AddressDetailsTableViewCell.swift */,
				A6377425295A26600072D076 /* AddressDetailsTableViewCell.xib */,
			);
			path = AddressDetailsTableViewCell;
			sourceTree = "<group>";
		};
		A6377428295A32EC0072D076 /* PaymentMethodsTableViewCell */ = {
			isa = PBXGroup;
			children = (
				A6377429295A33410072D076 /* PaymentMethodsTableViewCell.swift */,
				A637742D295A36650072D076 /* PaymentMethodsTableViewCell+CollectionViewExt.swift */,
				A637742A295A33410072D076 /* PaymentMethodsTableViewCell.xib */,
			);
			path = PaymentMethodsTableViewCell;
			sourceTree = "<group>";
		};
		A637742F295A36940072D076 /* PaymentMethodsCollectionViewCell */ = {
			isa = PBXGroup;
			children = (
				A6377430295A36B50072D076 /* PaymentMethodsCollectionViewCell.swift */,
				A6377431295A36B50072D076 /* PaymentMethodsCollectionViewCell.xib */,
			);
			path = PaymentMethodsCollectionViewCell;
			sourceTree = "<group>";
		};
		A6405CAC2959A1520057F530 /* TableViewCell */ = {
			isa = PBXGroup;
			children = (
				A6405CAD2959A1780057F530 /* SelectAddressTableViewCell.swift */,
				A6405CAE2959A1780057F530 /* SelectAddressTableViewCell.xib */,
			);
			path = TableViewCell;
			sourceTree = "<group>";
		};
		A653C9DF29584EBA00B8DF52 /* Cart */ = {
			isa = PBXGroup;
			children = (
				A653C9E229584EFB00B8DF52 /* Model */,
				A653C9E029584EE000B8DF52 /* View */,
				A653CA0229589F0000B8DF52 /* ViewModel */,
				A653C9E129584EED00B8DF52 /* Controller */,
			);
			path = Cart;
			sourceTree = "<group>";
		};
		A653C9E029584EE000B8DF52 /* View */ = {
			isa = PBXGroup;
			children = (
				A653CA042958A75B00B8DF52 /* CartViewController.xib */,
			);
			path = View;
			sourceTree = "<group>";
		};
		A653C9E129584EED00B8DF52 /* Controller */ = {
			isa = PBXGroup;
			children = (
				A653CA032958A75B00B8DF52 /* CartViewController.swift */,
				A653C9EE29586B3B00B8DF52 /* CartViewController+TableViewExt.swift */,
				A653C9F029586B5600B8DF52 /* CartViewController+CollectionViewExt.swift */,
				A653C9F22958713400B8DF52 /* CartTableViewCell */,
				A653C9E729585B7100B8DF52 /* CartCollectionViewCell */,
				A6765EB52958B1FB00C0DFDC /* SectionHeaderCell */,
			);
			path = Controller;
			sourceTree = "<group>";
		};
		A653C9E229584EFB00B8DF52 /* Model */ = {
			isa = PBXGroup;
			children = (
			);
			path = Model;
			sourceTree = "<group>";
		};
		A653C9E729585B7100B8DF52 /* CartCollectionViewCell */ = {
			isa = PBXGroup;
			children = (
				A653C9E829585BA000B8DF52 /* CartCollectionViewCell.swift */,
				A653C9E929585BA000B8DF52 /* CartCollectionViewCell.xib */,
			);
			path = CartCollectionViewCell;
			sourceTree = "<group>";
		};
		A653C9F22958713400B8DF52 /* CartTableViewCell */ = {
			isa = PBXGroup;
			children = (
				A653C9F32958715A00B8DF52 /* CartTableViewCell.swift */,
				A653C9F42958715A00B8DF52 /* CartTableViewCell.xib */,
			);
			path = CartTableViewCell;
			sourceTree = "<group>";
		};
		A653C9F92958786700B8DF52 /* Extentions */ = {
			isa = PBXGroup;
			children = (
				A653C9F72958785900B8DF52 /* UIButton+Ext.swift */,
				A653C9FA29587F2200B8DF52 /* UIView+Ext.swift */,
			);
			path = Extentions;
			sourceTree = "<group>";
		};
		A653CA0229589F0000B8DF52 /* ViewModel */ = {
			isa = PBXGroup;
			children = (
				A653CA0029589EF500B8DF52 /* CartViewModel.swift */,
			);
			path = ViewModel;
			sourceTree = "<group>";
		};
		A6765EB52958B1FB00C0DFDC /* SectionHeaderCell */ = {
			isa = PBXGroup;
			children = (
				A6765EB62958B21F00C0DFDC /* SectionHeaderCell.swift */,
				A6765EB72958B21F00C0DFDC /* SectionHeaderCell.xib */,
			);
			path = SectionHeaderCell;
			sourceTree = "<group>";
		};
		A6765EBA2958D65A00C0DFDC /* No Address */ = {
			isa = PBXGroup;
			children = (
				A6765EBE2958D6B100C0DFDC /* Model */,
				A6765EBD2958D6A800C0DFDC /* View */,
				A6765EBC2958D6A100C0DFDC /* ViewModel */,
				A6765EBB2958D69900C0DFDC /* Controller */,
			);
			path = "No Address";
			sourceTree = "<group>";
		};
		A6765EBB2958D69900C0DFDC /* Controller */ = {
			isa = PBXGroup;
			children = (
				A6765EBF2958D6D800C0DFDC /* NoAddressViewController.swift */,
			);
			path = Controller;
			sourceTree = "<group>";
		};
		A6765EBC2958D6A100C0DFDC /* ViewModel */ = {
			isa = PBXGroup;
			children = (
			);
			path = ViewModel;
			sourceTree = "<group>";
		};
		A6765EBD2958D6A800C0DFDC /* View */ = {
			isa = PBXGroup;
			children = (
				A6765EC02958D6D800C0DFDC /* NoAddressViewController.xib */,
			);
			path = View;
			sourceTree = "<group>";
		};
		A6765EBE2958D6B100C0DFDC /* Model */ = {
			isa = PBXGroup;
			children = (
			);
			path = Model;
			sourceTree = "<group>";
		};
		A6765EC329599AC400C0DFDC /* Select Address */ = {
			isa = PBXGroup;
			children = (
				A6765EC929599B6500C0DFDC /* Model */,
				A6765EC829599B5E00C0DFDC /* View */,
				A6765EC729599B5200C0DFDC /* ViewModel */,
				A6765EC629599B4A00C0DFDC /* Controller */,
			);
			path = "Select Address";
			sourceTree = "<group>";
		};
		A6765EC429599B0200C0DFDC /* Add Address */ = {
			isa = PBXGroup;
			children = (
				A6BB19E92959ADE300145B4A /* Model */,
				A6BB19E82959ADDD00145B4A /* View */,
				A6BB19E72959ADD700145B4A /* ViewModel */,
				A6BB19E62959ADCE00145B4A /* Controller */,
			);
			path = "Add Address";
			sourceTree = "<group>";
		};
		A6765EC529599B1A00C0DFDC /* Address PopUp Views */ = {
			isa = PBXGroup;
			children = (
				A6765EBA2958D65A00C0DFDC /* No Address */,
				A6765EC329599AC400C0DFDC /* Select Address */,
				A6765EC429599B0200C0DFDC /* Add Address */,
			);
			path = "Address PopUp Views";
			sourceTree = "<group>";
		};
		A6765EC629599B4A00C0DFDC /* Controller */ = {
			isa = PBXGroup;
			children = (
				A6765ECA29599B8E00C0DFDC /* SelectAddressViewController.swift */,
				A6BB19E42959A94300145B4A /* SelectAddressViewController+TableViewExt.swift */,
				A6405CAC2959A1520057F530 /* TableViewCell */,
			);
			path = Controller;
			sourceTree = "<group>";
		};
		A6765EC729599B5200C0DFDC /* ViewModel */ = {
			isa = PBXGroup;
			children = (
				A6405CB22959A2820057F530 /* SelectAddressViewModel.swift */,
			);
			path = ViewModel;
			sourceTree = "<group>";
		};
		A6765EC829599B5E00C0DFDC /* View */ = {
			isa = PBXGroup;
			children = (
				A6765ECB29599B8E00C0DFDC /* SelectAddressViewController.xib */,
			);
			path = View;
			sourceTree = "<group>";
		};
		A6765EC929599B6500C0DFDC /* Model */ = {
			isa = PBXGroup;
			children = (
			);
			path = Model;
			sourceTree = "<group>";
		};
		A6BB19E62959ADCE00145B4A /* Controller */ = {
			isa = PBXGroup;
			children = (
				A6BB19EA2959AE0300145B4A /* AddAddressViewController.swift */,
			);
			path = Controller;
			sourceTree = "<group>";
		};
		A6BB19E72959ADD700145B4A /* ViewModel */ = {
			isa = PBXGroup;
			children = (
			);
			path = ViewModel;
			sourceTree = "<group>";
		};
		A6BB19E82959ADDD00145B4A /* View */ = {
			isa = PBXGroup;
			children = (
				A6BB19EB2959AE0300145B4A /* AddAddressViewController.xib */,
			);
			path = View;
			sourceTree = "<group>";
		};
		A6BB19E92959ADE300145B4A /* Model */ = {
			isa = PBXGroup;
			children = (
			);
			path = Model;
			sourceTree = "<group>";
		};
		A6BB19EE2959D03C00145B4A /* Check out */ = {
			isa = PBXGroup;
			children = (
				A6BB19F22959D08200145B4A /* Model */,
				A6BB19F12959D07D00145B4A /* View */,
				A6BB19F02959D06A00145B4A /* ViewModel */,
				A6BB19EF2959D05700145B4A /* Controller */,
			);
			path = "Check out";
			sourceTree = "<group>";
		};
		A6BB19EF2959D05700145B4A /* Controller */ = {
			isa = PBXGroup;
			children = (
				A6EB66E9295A144B002E74E6 /* CheckOutViewController.swift */,
				A6EB66EF295A19B6002E74E6 /* CheckOutViewController+TableViewExt.swift */,
				A6EB66F1295A1B74002E74E6 /* ItemTableViewCell */,
				A6377423295A26440072D076 /* AddressDetailsTableViewCell */,
				A6377428295A32EC0072D076 /* PaymentMethodsTableViewCell */,
				A637742F295A36940072D076 /* PaymentMethodsCollectionViewCell */,
				A61E24B4295AFD3D0023CFE6 /* PlaceOrderButtonTableViewCell */,
			);
			path = Controller;
			sourceTree = "<group>";
		};
		A6BB19F02959D06A00145B4A /* ViewModel */ = {
			isa = PBXGroup;
			children = (
				A6EB66ED295A17F5002E74E6 /* CheckOutViewModel.swift */,
			);
			path = ViewModel;
			sourceTree = "<group>";
		};
		A6BB19F12959D07D00145B4A /* View */ = {
			isa = PBXGroup;
			children = (
				A6EB66EA295A144B002E74E6 /* CheckOutViewController.xib */,
			);
			path = View;
			sourceTree = "<group>";
		};
		A6BB19F22959D08200145B4A /* Model */ = {
			isa = PBXGroup;
			children = (
			);
			path = Model;
			sourceTree = "<group>";
		};
		A6EB66F1295A1B74002E74E6 /* ItemTableViewCell */ = {
			isa = PBXGroup;
			children = (
				A6EB66F2295A1B92002E74E6 /* ItemTableViewCell.swift */,
				A6EB66F3295A1B92002E74E6 /* ItemTableViewCell.xib */,
			);
			path = ItemTableViewCell;
			sourceTree = "<group>";
		};
/* End PBXGroup section */

/* Begin PBXNativeTarget section */
		9D1D25C12958497C0041431D /* Bokhary */ = {
			isa = PBXNativeTarget;
			buildConfigurationList = 9D1D25D92958497F0041431D /* Build configuration list for PBXNativeTarget "Bokhary" */;
			buildPhases = (
				9D1D25BE2958497C0041431D /* Sources */,
				9D1D25BF2958497C0041431D /* Frameworks */,
				9D1D25C02958497C0041431D /* Resources */,
			);
			buildRules = (
			);
			dependencies = (
			);
			name = Bokhary;
			productName = Bokhary;
			productReference = 9D1D25C22958497C0041431D /* Bokhary.app */;
			productType = "com.apple.product-type.application";
		};
/* End PBXNativeTarget section */

/* Begin PBXProject section */
		9D1D25BA2958497C0041431D /* Project object */ = {
			isa = PBXProject;
			attributes = {
				BuildIndependentTargetsInParallel = 1;
				LastSwiftUpdateCheck = 1340;
				LastUpgradeCheck = 1340;
				TargetAttributes = {
					9D1D25C12958497C0041431D = {
						CreatedOnToolsVersion = 13.4;
					};
				};
			};
			buildConfigurationList = 9D1D25BD2958497C0041431D /* Build configuration list for PBXProject "Bokhary" */;
			compatibilityVersion = "Xcode 13.0";
			developmentRegion = en;
			hasScannedForEncodings = 0;
			knownRegions = (
				en,
				Base,
			);
			mainGroup = 9D1D25B92958497C0041431D;
			productRefGroup = 9D1D25C32958497C0041431D /* Products */;
			projectDirPath = "";
			projectRoot = "";
			targets = (
				9D1D25C12958497C0041431D /* Bokhary */,
			);
		};
/* End PBXProject section */

/* Begin PBXResourcesBuildPhase section */
		9D1D25C02958497C0041431D /* Resources */ = {
			isa = PBXResourcesBuildPhase;
			buildActionMask = 2147483647;
			files = (
				A6377433295A36B50072D076 /* PaymentMethodsCollectionViewCell.xib in Resources */,
				A6765EC22958D6D800C0DFDC /* NoAddressViewController.xib in Resources */,
				A6377427295A26610072D076 /* AddressDetailsTableViewCell.xib in Resources */,
				A6EB66EC295A144B002E74E6 /* CheckOutViewController.xib in Resources */,
				A653CA062958A75B00B8DF52 /* CartViewController.xib in Resources */,
				A653C9EB29585BA000B8DF52 /* CartCollectionViewCell.xib in Resources */,
				A637742C295A33410072D076 /* PaymentMethodsTableViewCell.xib in Resources */,
				A6765ECD29599B8E00C0DFDC /* SelectAddressViewController.xib in Resources */,
				A653C9F62958715A00B8DF52 /* CartTableViewCell.xib in Resources */,
				9D1D25D52958497F0041431D /* LaunchScreen.storyboard in Resources */,
				A61E24B8295AFD720023CFE6 /* PlaceOrderButtonTableViewCell.xib in Resources */,
				A6765EB92958B21F00C0DFDC /* SectionHeaderCell.xib in Resources */,
				A653C9ED29585C0600B8DF52 /* Colors.xcassets in Resources */,
				A6405CB02959A1780057F530 /* SelectAddressTableViewCell.xib in Resources */,
				9D1D25D22958497F0041431D /* Assets.xcassets in Resources */,
				9D1D25CD2958497C0041431D /* Main.storyboard in Resources */,
				A6EB66F5295A1B92002E74E6 /* ItemTableViewCell.xib in Resources */,
				A6BB19ED2959AE0300145B4A /* AddAddressViewController.xib in Resources */,
			);
			runOnlyForDeploymentPostprocessing = 0;
		};
/* End PBXResourcesBuildPhase section */

/* Begin PBXSourcesBuildPhase section */
		9D1D25BE2958497C0041431D /* Sources */ = {
			isa = PBXSourcesBuildPhase;
			buildActionMask = 2147483647;
			files = (
				A637742E295A36650072D076 /* PaymentMethodsTableViewCell+CollectionViewExt.swift in Sources */,
				A653C9EF29586B3B00B8DF52 /* CartViewController+TableViewExt.swift in Sources */,
				A653C9FB29587F2200B8DF52 /* UIView+Ext.swift in Sources */,
				A6765EB82958B21F00C0DFDC /* SectionHeaderCell.swift in Sources */,
				A6765ECC29599B8E00C0DFDC /* SelectAddressViewController.swift in Sources */,
				A653C9F129586B5600B8DF52 /* CartViewController+CollectionViewExt.swift in Sources */,
				A6765EC12958D6D800C0DFDC /* NoAddressViewController.swift in Sources */,
				A6377432295A36B50072D076 /* PaymentMethodsCollectionViewCell.swift in Sources */,
				9D1D25D02958497C0041431D /* Bokhary.xcdatamodeld in Sources */,
				A6BB19E52959A94300145B4A /* SelectAddressViewController+TableViewExt.swift in Sources */,
				A6BB19EC2959AE0300145B4A /* AddAddressViewController.swift in Sources */,
				A6EB66EE295A17F5002E74E6 /* CheckOutViewModel.swift in Sources */,
				A653C9F52958715A00B8DF52 /* CartTableViewCell.swift in Sources */,
				A6405CAF2959A1780057F530 /* SelectAddressTableViewCell.swift in Sources */,
				A637742B295A33410072D076 /* PaymentMethodsTableViewCell.swift in Sources */,
				9D1D25CA2958497C0041431D /* ViewController.swift in Sources */,
				A6405CB32959A2820057F530 /* SelectAddressViewModel.swift in Sources */,
				A6EB66F0295A19B6002E74E6 /* CheckOutViewController+TableViewExt.swift in Sources */,
				A653CA052958A75B00B8DF52 /* CartViewController.swift in Sources */,
				A653C9F82958785900B8DF52 /* UIButton+Ext.swift in Sources */,
				A6377426295A26610072D076 /* AddressDetailsTableViewCell.swift in Sources */,
				A6EB66F4295A1B92002E74E6 /* ItemTableViewCell.swift in Sources */,
				A61E24B7295AFD720023CFE6 /* PlaceOrderButtonTableViewCell.swift in Sources */,
				9D1D25C62958497C0041431D /* AppDelegate.swift in Sources */,
				A6EB66EB295A144B002E74E6 /* CheckOutViewController.swift in Sources */,
				A653C9EA29585BA000B8DF52 /* CartCollectionViewCell.swift in Sources */,
				A653CA0129589EF500B8DF52 /* CartViewModel.swift in Sources */,
				9D1D25C82958497C0041431D /* SceneDelegate.swift in Sources */,
			);
			runOnlyForDeploymentPostprocessing = 0;
		};
/* End PBXSourcesBuildPhase section */

/* Begin PBXVariantGroup section */
		9D1D25CB2958497C0041431D /* Main.storyboard */ = {
			isa = PBXVariantGroup;
			children = (
				9D1D25CC2958497C0041431D /* Base */,
			);
			name = Main.storyboard;
			sourceTree = "<group>";
		};
		9D1D25D32958497F0041431D /* LaunchScreen.storyboard */ = {
			isa = PBXVariantGroup;
			children = (
				9D1D25D42958497F0041431D /* Base */,
			);
			name = LaunchScreen.storyboard;
			sourceTree = "<group>";
		};
/* End PBXVariantGroup section */

/* Begin XCBuildConfiguration section */
		9D1D25D72958497F0041431D /* Debug */ = {
			isa = XCBuildConfiguration;
			buildSettings = {
				ALWAYS_SEARCH_USER_PATHS = NO;
				CLANG_ANALYZER_NONNULL = YES;
				CLANG_ANALYZER_NUMBER_OBJECT_CONVERSION = YES_AGGRESSIVE;
				CLANG_CXX_LANGUAGE_STANDARD = "gnu++17";
				CLANG_ENABLE_MODULES = YES;
				CLANG_ENABLE_OBJC_ARC = YES;
				CLANG_ENABLE_OBJC_WEAK = YES;
				CLANG_WARN_BLOCK_CAPTURE_AUTORELEASING = YES;
				CLANG_WARN_BOOL_CONVERSION = YES;
				CLANG_WARN_COMMA = YES;
				CLANG_WARN_CONSTANT_CONVERSION = YES;
				CLANG_WARN_DEPRECATED_OBJC_IMPLEMENTATIONS = YES;
				CLANG_WARN_DIRECT_OBJC_ISA_USAGE = YES_ERROR;
				CLANG_WARN_DOCUMENTATION_COMMENTS = YES;
				CLANG_WARN_EMPTY_BODY = YES;
				CLANG_WARN_ENUM_CONVERSION = YES;
				CLANG_WARN_INFINITE_RECURSION = YES;
				CLANG_WARN_INT_CONVERSION = YES;
				CLANG_WARN_NON_LITERAL_NULL_CONVERSION = YES;
				CLANG_WARN_OBJC_IMPLICIT_RETAIN_SELF = YES;
				CLANG_WARN_OBJC_LITERAL_CONVERSION = YES;
				CLANG_WARN_OBJC_ROOT_CLASS = YES_ERROR;
				CLANG_WARN_QUOTED_INCLUDE_IN_FRAMEWORK_HEADER = YES;
				CLANG_WARN_RANGE_LOOP_ANALYSIS = YES;
				CLANG_WARN_STRICT_PROTOTYPES = YES;
				CLANG_WARN_SUSPICIOUS_MOVE = YES;
				CLANG_WARN_UNGUARDED_AVAILABILITY = YES_AGGRESSIVE;
				CLANG_WARN_UNREACHABLE_CODE = YES;
				CLANG_WARN__DUPLICATE_METHOD_MATCH = YES;
				COPY_PHASE_STRIP = NO;
				DEBUG_INFORMATION_FORMAT = dwarf;
				ENABLE_STRICT_OBJC_MSGSEND = YES;
				ENABLE_TESTABILITY = YES;
				GCC_C_LANGUAGE_STANDARD = gnu11;
				GCC_DYNAMIC_NO_PIC = NO;
				GCC_NO_COMMON_BLOCKS = YES;
				GCC_OPTIMIZATION_LEVEL = 0;
				GCC_PREPROCESSOR_DEFINITIONS = (
					"DEBUG=1",
					"$(inherited)",
				);
				GCC_WARN_64_TO_32_BIT_CONVERSION = YES;
				GCC_WARN_ABOUT_RETURN_TYPE = YES_ERROR;
				GCC_WARN_UNDECLARED_SELECTOR = YES;
				GCC_WARN_UNINITIALIZED_AUTOS = YES_AGGRESSIVE;
				GCC_WARN_UNUSED_FUNCTION = YES;
				GCC_WARN_UNUSED_VARIABLE = YES;
				IPHONEOS_DEPLOYMENT_TARGET = 15.5;
				MTL_ENABLE_DEBUG_INFO = INCLUDE_SOURCE;
				MTL_FAST_MATH = YES;
				ONLY_ACTIVE_ARCH = YES;
				SDKROOT = iphoneos;
				SWIFT_ACTIVE_COMPILATION_CONDITIONS = DEBUG;
				SWIFT_OPTIMIZATION_LEVEL = "-Onone";
			};
			name = Debug;
		};
		9D1D25D82958497F0041431D /* Release */ = {
			isa = XCBuildConfiguration;
			buildSettings = {
				ALWAYS_SEARCH_USER_PATHS = NO;
				CLANG_ANALYZER_NONNULL = YES;
				CLANG_ANALYZER_NUMBER_OBJECT_CONVERSION = YES_AGGRESSIVE;
				CLANG_CXX_LANGUAGE_STANDARD = "gnu++17";
				CLANG_ENABLE_MODULES = YES;
				CLANG_ENABLE_OBJC_ARC = YES;
				CLANG_ENABLE_OBJC_WEAK = YES;
				CLANG_WARN_BLOCK_CAPTURE_AUTORELEASING = YES;
				CLANG_WARN_BOOL_CONVERSION = YES;
				CLANG_WARN_COMMA = YES;
				CLANG_WARN_CONSTANT_CONVERSION = YES;
				CLANG_WARN_DEPRECATED_OBJC_IMPLEMENTATIONS = YES;
				CLANG_WARN_DIRECT_OBJC_ISA_USAGE = YES_ERROR;
				CLANG_WARN_DOCUMENTATION_COMMENTS = YES;
				CLANG_WARN_EMPTY_BODY = YES;
				CLANG_WARN_ENUM_CONVERSION = YES;
				CLANG_WARN_INFINITE_RECURSION = YES;
				CLANG_WARN_INT_CONVERSION = YES;
				CLANG_WARN_NON_LITERAL_NULL_CONVERSION = YES;
				CLANG_WARN_OBJC_IMPLICIT_RETAIN_SELF = YES;
				CLANG_WARN_OBJC_LITERAL_CONVERSION = YES;
				CLANG_WARN_OBJC_ROOT_CLASS = YES_ERROR;
				CLANG_WARN_QUOTED_INCLUDE_IN_FRAMEWORK_HEADER = YES;
				CLANG_WARN_RANGE_LOOP_ANALYSIS = YES;
				CLANG_WARN_STRICT_PROTOTYPES = YES;
				CLANG_WARN_SUSPICIOUS_MOVE = YES;
				CLANG_WARN_UNGUARDED_AVAILABILITY = YES_AGGRESSIVE;
				CLANG_WARN_UNREACHABLE_CODE = YES;
				CLANG_WARN__DUPLICATE_METHOD_MATCH = YES;
				COPY_PHASE_STRIP = NO;
				DEBUG_INFORMATION_FORMAT = "dwarf-with-dsym";
				ENABLE_NS_ASSERTIONS = NO;
				ENABLE_STRICT_OBJC_MSGSEND = YES;
				GCC_C_LANGUAGE_STANDARD = gnu11;
				GCC_NO_COMMON_BLOCKS = YES;
				GCC_WARN_64_TO_32_BIT_CONVERSION = YES;
				GCC_WARN_ABOUT_RETURN_TYPE = YES_ERROR;
				GCC_WARN_UNDECLARED_SELECTOR = YES;
				GCC_WARN_UNINITIALIZED_AUTOS = YES_AGGRESSIVE;
				GCC_WARN_UNUSED_FUNCTION = YES;
				GCC_WARN_UNUSED_VARIABLE = YES;
				IPHONEOS_DEPLOYMENT_TARGET = 15.5;
				MTL_ENABLE_DEBUG_INFO = NO;
				MTL_FAST_MATH = YES;
				SDKROOT = iphoneos;
				SWIFT_COMPILATION_MODE = wholemodule;
				SWIFT_OPTIMIZATION_LEVEL = "-O";
				VALIDATE_PRODUCT = YES;
			};
			name = Release;
		};
		9D1D25DA2958497F0041431D /* Debug */ = {
			isa = XCBuildConfiguration;
			buildSettings = {
				ASSETCATALOG_COMPILER_APPICON_NAME = AppIcon;
				ASSETCATALOG_COMPILER_GLOBAL_ACCENT_COLOR_NAME = AccentColor;
				CODE_SIGN_STYLE = Automatic;
				CURRENT_PROJECT_VERSION = 1;
				DEVELOPMENT_TEAM = HK3DJJFRK7;
				GENERATE_INFOPLIST_FILE = YES;
				INFOPLIST_FILE = Bokhary/Info.plist;
				INFOPLIST_KEY_NSLocationWhenInUseUsageDescription = "Please allow to see current location.";
				INFOPLIST_KEY_UIApplicationSupportsIndirectInputEvents = YES;
				INFOPLIST_KEY_UILaunchStoryboardName = "";
				INFOPLIST_KEY_UIMainStoryboardFile = Main;
				INFOPLIST_KEY_UIStatusBarStyle = UIStatusBarStyleDarkContent;
				INFOPLIST_KEY_UISupportedInterfaceOrientations_iPad = "UIInterfaceOrientationPortrait UIInterfaceOrientationPortraitUpsideDown UIInterfaceOrientationLandscapeLeft UIInterfaceOrientationLandscapeRight";
				INFOPLIST_KEY_UISupportedInterfaceOrientations_iPhone = "UIInterfaceOrientationPortrait UIInterfaceOrientationLandscapeLeft UIInterfaceOrientationLandscapeRight";
				LD_RUNPATH_SEARCH_PATHS = (
					"$(inherited)",
					"@executable_path/Frameworks",
				);
				MARKETING_VERSION = 1.0;
				PRODUCT_BUNDLE_IDENTIFIER = jets.Bokhary;
				PRODUCT_NAME = "$(TARGET_NAME)";
				SWIFT_EMIT_LOC_STRINGS = YES;
				SWIFT_VERSION = 5.0;
				TARGETED_DEVICE_FAMILY = "1,2";
			};
			name = Debug;
		};
		9D1D25DB2958497F0041431D /* Release */ = {
			isa = XCBuildConfiguration;
			buildSettings = {
				ASSETCATALOG_COMPILER_APPICON_NAME = AppIcon;
				ASSETCATALOG_COMPILER_GLOBAL_ACCENT_COLOR_NAME = AccentColor;
				CODE_SIGN_STYLE = Automatic;
				CURRENT_PROJECT_VERSION = 1;
				DEVELOPMENT_TEAM = HK3DJJFRK7;
				GENERATE_INFOPLIST_FILE = YES;
				INFOPLIST_FILE = Bokhary/Info.plist;
				INFOPLIST_KEY_NSLocationWhenInUseUsageDescription = "Please allow to see current location.";
				INFOPLIST_KEY_UIApplicationSupportsIndirectInputEvents = YES;
				INFOPLIST_KEY_UILaunchStoryboardName = "";
				INFOPLIST_KEY_UIMainStoryboardFile = Main;
				INFOPLIST_KEY_UIStatusBarStyle = UIStatusBarStyleDarkContent;
				INFOPLIST_KEY_UISupportedInterfaceOrientations_iPad = "UIInterfaceOrientationPortrait UIInterfaceOrientationPortraitUpsideDown UIInterfaceOrientationLandscapeLeft UIInterfaceOrientationLandscapeRight";
				INFOPLIST_KEY_UISupportedInterfaceOrientations_iPhone = "UIInterfaceOrientationPortrait UIInterfaceOrientationLandscapeLeft UIInterfaceOrientationLandscapeRight";
				LD_RUNPATH_SEARCH_PATHS = (
					"$(inherited)",
					"@executable_path/Frameworks",
				);
				MARKETING_VERSION = 1.0;
				PRODUCT_BUNDLE_IDENTIFIER = jets.Bokhary;
				PRODUCT_NAME = "$(TARGET_NAME)";
				SWIFT_EMIT_LOC_STRINGS = YES;
				SWIFT_VERSION = 5.0;
				TARGETED_DEVICE_FAMILY = "1,2";
			};
			name = Release;
		};
/* End XCBuildConfiguration section */

/* Begin XCConfigurationList section */
		9D1D25BD2958497C0041431D /* Build configuration list for PBXProject "Bokhary" */ = {
			isa = XCConfigurationList;
			buildConfigurations = (
				9D1D25D72958497F0041431D /* Debug */,
				9D1D25D82958497F0041431D /* Release */,
			);
			defaultConfigurationIsVisible = 0;
			defaultConfigurationName = Release;
		};
		9D1D25D92958497F0041431D /* Build configuration list for PBXNativeTarget "Bokhary" */ = {
			isa = XCConfigurationList;
			buildConfigurations = (
				9D1D25DA2958497F0041431D /* Debug */,
				9D1D25DB2958497F0041431D /* Release */,
			);
			defaultConfigurationIsVisible = 0;
			defaultConfigurationName = Release;
		};
/* End XCConfigurationList section */

/* Begin XCVersionGroup section */
		9D1D25CE2958497C0041431D /* Bokhary.xcdatamodeld */ = {
			isa = XCVersionGroup;
			children = (
				9D1D25CF2958497C0041431D /* Bokhary.xcdatamodel */,
			);
			currentVersion = 9D1D25CF2958497C0041431D /* Bokhary.xcdatamodel */;
			path = Bokhary.xcdatamodeld;
			sourceTree = "<group>";
			versionGroupType = wrapper.xcdatamodel;
		};
/* End XCVersionGroup section */
	};
	rootObject = 9D1D25BA2958497C0041431D /* Project object */;
}
